// !$*UTF8*$!
{
	archiveVersion = 1;
	classes = {
	};
	objectVersion = 47;
	objects = {

/* Begin PBXBuildFile section */
		4A01846921A73E20008455BF /* Main.storyboard in Resources */ = {isa = PBXBuildFile; fileRef = 4A2D7DBF214EBBCE005FB580 /* Main.storyboard */; };
		4A15A514215C2C9D00688610 /* WebKit.framework in Frameworks */ = {isa = PBXBuildFile; fileRef = 4A3A9B332150081E009757BC /* WebKit.framework */; };
		4A20DCA5218B3DA600EC3765 /* CoreAudio.framework in Frameworks */ = {isa = PBXBuildFile; fileRef = 4A20DCA4218B3DA600EC3765 /* CoreAudio.framework */; };
		4A20DCA7218B3DB100EC3765 /* CoreMIDI.framework in Frameworks */ = {isa = PBXBuildFile; fileRef = 4A20DCA6218B3DB100EC3765 /* CoreMIDI.framework */; };
		4A20DCA9218B3DBE00EC3765 /* AudioToolbox.framework in Frameworks */ = {isa = PBXBuildFile; fileRef = 4A20DCA8218B3DBE00EC3765 /* AudioToolbox.framework */; };
		4A20DCAC218B3E0200EC3765 /* midiPlayer.m in Sources */ = {isa = PBXBuildFile; fileRef = 4A20DCAB218B3E0200EC3765 /* midiPlayer.m */; };
		4A212607218A11AE007EFE1D /* parseabc.c in Sources */ = {isa = PBXBuildFile; fileRef = 4A2125FE218A11AC007EFE1D /* parseabc.c */; };
		4A212608218A11AE007EFE1D /* store.c in Sources */ = {isa = PBXBuildFile; fileRef = 4A212601218A11AD007EFE1D /* store.c */; };
		4A212609218A11AE007EFE1D /* midifile.c in Sources */ = {isa = PBXBuildFile; fileRef = 4A212603218A11AD007EFE1D /* midifile.c */; };
		4A21260A218A11AE007EFE1D /* genmidi.c in Sources */ = {isa = PBXBuildFile; fileRef = 4A212605218A11AE007EFE1D /* genmidi.c */; };
		4A21260B218A11AE007EFE1D /* parser2.c in Sources */ = {isa = PBXBuildFile; fileRef = 4A212606218A11AE007EFE1D /* parser2.c */; };
		4A21260F218A13D3007EFE1D /* queues.c in Sources */ = {isa = PBXBuildFile; fileRef = 4A21260D218A13D3007EFE1D /* queues.c */; };
		4A2B940A2152EDD300AA3F7A /* arrayPicker.m in Sources */ = {isa = PBXBuildFile; fileRef = 4A2B94092152EDD300AA3F7A /* arrayPicker.m */; };
		4A2D7DBB214EBBCE005FB580 /* AppDelegate.m in Sources */ = {isa = PBXBuildFile; fileRef = 4A2D7DBA214EBBCE005FB580 /* AppDelegate.m */; };
		4A2D7DBE214EBBCE005FB580 /* ViewController.m in Sources */ = {isa = PBXBuildFile; fileRef = 4A2D7DBD214EBBCE005FB580 /* ViewController.m */; };
		4A2D7DC3214EBBCE005FB580 /* Assets.xcassets in Resources */ = {isa = PBXBuildFile; fileRef = 4A2D7DC2214EBBCE005FB580 /* Assets.xcassets */; };
		4A2D7DC6214EBBCE005FB580 /* LaunchScreen.storyboard in Resources */ = {isa = PBXBuildFile; fileRef = 4A2D7DC4214EBBCE005FB580 /* LaunchScreen.storyboard */; };
		4A2D7DC9214EBBCE005FB580 /* main.m in Sources */ = {isa = PBXBuildFile; fileRef = 4A2D7DC8214EBBCE005FB580 /* main.m */; };
		4A2D7DD3214EBBCE005FB580 /* abConduct_iOSTests.m in Sources */ = {isa = PBXBuildFile; fileRef = 4A2D7DD2214EBBCE005FB580 /* abConduct_iOSTests.m */; };
		4A2D7DDE214EBBCF005FB580 /* abConduct_iOSUITests.m in Sources */ = {isa = PBXBuildFile; fileRef = 4A2D7DDD214EBBCF005FB580 /* abConduct_iOSUITests.m */; };
		4A30E55221F5A569000E4625 /* directives.txt in Resources */ = {isa = PBXBuildFile; fileRef = 4A30E55121F5A569000E4625 /* directives.txt */; };
		4A3C598C218A18AE00AD9A62 /* stresspat.c in Sources */ = {isa = PBXBuildFile; fileRef = 4A3C598B218A18AE00AD9A62 /* stresspat.c */; };
		4A473E51222DB2F4009F0B22 /* STPopup.framework in Frameworks */ = {isa = PBXBuildFile; fileRef = 4A473E4F222DB2D4009F0B22 /* STPopup.framework */; };
		4A473E52222DB2F4009F0B22 /* STPopup.framework in Embed Frameworks */ = {isa = PBXBuildFile; fileRef = 4A473E4F222DB2D4009F0B22 /* STPopup.framework */; settings = {ATTRIBUTES = (CodeSignOnCopy, RemoveHeadersOnCopy, ); }; };
		4A473EF4222DCB6C009F0B22 /* exportViewController.m in Sources */ = {isa = PBXBuildFile; fileRef = 4A473EF3222DCB6C009F0B22 /* exportViewController.m */; };
		4A47A8CB21D2BC0400B33A51 /* midiInstruments.txt in Resources */ = {isa = PBXBuildFile; fileRef = 4A47A8CA21D2BC0400B33A51 /* midiInstruments.txt */; };
		4A4C07FB21CFA6AD00FCF89B /* decorations.txt in Resources */ = {isa = PBXBuildFile; fileRef = 4A4C07FA21CFA6AD00FCF89B /* decorations.txt */; };
		4A596582215C300300F226A5 /* Foundation.framework in Frameworks */ = {isa = PBXBuildFile; fileRef = 4A596581215C300300F226A5 /* Foundation.framework */; };
		4A66AB85222961CB00F5D1D8 /* loadFileViewController.m in Sources */ = {isa = PBXBuildFile; fileRef = 4A66AB84222961CB00F5D1D8 /* loadFileViewController.m */; };
		4A6743822150012400886D97 /* DefaultFiles in Resources */ = {isa = PBXBuildFile; fileRef = 4A6743812150012400886D97 /* DefaultFiles */; };
		4A6B2AAF21EFBAE6007F9CEA /* createFileViewController.m in Sources */ = {isa = PBXBuildFile; fileRef = 4A6B2AAE21EFBAE6007F9CEA /* createFileViewController.m */; };
		4A70C12021D3B4B5002A41F3 /* drummapSounds.txt in Resources */ = {isa = PBXBuildFile; fileRef = 4A70C11F21D3B4B5002A41F3 /* drummapSounds.txt */; };
		4A70E3FD222DA7A2008BF2DB /* CoreText.framework in Frameworks */ = {isa = PBXBuildFile; fileRef = 4A70E3FC222DA7A2008BF2DB /* CoreText.framework */; };
		4A70E3FF222DA7BD008BF2DB /* CoreImage.framework in Frameworks */ = {isa = PBXBuildFile; fileRef = 4A70E3FE222DA7BD008BF2DB /* CoreImage.framework */; };
		4A70E401222DA7D1008BF2DB /* QuartzCore.framework in Frameworks */ = {isa = PBXBuildFile; fileRef = 4A70E400222DA7D1008BF2DB /* QuartzCore.framework */; };
		4A70E403222DA7E3008BF2DB /* CoreGraphics.framework in Frameworks */ = {isa = PBXBuildFile; fileRef = 4A70E402222DA7E2008BF2DB /* CoreGraphics.framework */; };
		4A74251A2163F282001C7466 /* abcparse.c in Sources */ = {isa = PBXBuildFile; fileRef = 4A7425052163F281001C7466 /* abcparse.c */; };
		4A74251B2163F282001C7466 /* buffer.c in Sources */ = {isa = PBXBuildFile; fileRef = 4A7425062163F281001C7466 /* buffer.c */; };
		4A74251C2163F282001C7466 /* format.c in Sources */ = {isa = PBXBuildFile; fileRef = 4A7425082163F281001C7466 /* format.c */; };
		4A74251D2163F282001C7466 /* abcm2ps.c in Sources */ = {isa = PBXBuildFile; fileRef = 4A7425092163F281001C7466 /* abcm2ps.c */; };
		4A74251E2163F282001C7466 /* draw.c in Sources */ = {isa = PBXBuildFile; fileRef = 4A74250B2163F281001C7466 /* draw.c */; };
		4A74251F2163F282001C7466 /* glyph.c in Sources */ = {isa = PBXBuildFile; fileRef = 4A74250C2163F281001C7466 /* glyph.c */; };
		4A7425212163F282001C7466 /* subs.c in Sources */ = {isa = PBXBuildFile; fileRef = 4A74250E2163F281001C7466 /* subs.c */; };
		4A7425222163F282001C7466 /* deco.c in Sources */ = {isa = PBXBuildFile; fileRef = 4A74250F2163F281001C7466 /* deco.c */; };
		4A7425232163F282001C7466 /* music.c in Sources */ = {isa = PBXBuildFile; fileRef = 4A7425102163F281001C7466 /* music.c */; };
		4A7425242163F282001C7466 /* front.c in Sources */ = {isa = PBXBuildFile; fileRef = 4A7425112163F281001C7466 /* front.c */; };
		4A7425252163F282001C7466 /* utilities.m in Sources */ = {isa = PBXBuildFile; fileRef = 4A7425132163F281001C7466 /* utilities.m */; };
		4A7425262163F282001C7466 /* parse.c in Sources */ = {isa = PBXBuildFile; fileRef = 4A7425142163F281001C7466 /* parse.c */; };
		4A7425272163F282001C7466 /* syms.c in Sources */ = {isa = PBXBuildFile; fileRef = 4A7425172163F281001C7466 /* syms.c */; };
		4A7425292163F282001C7466 /* svg.c in Sources */ = {isa = PBXBuildFile; fileRef = 4A7425192163F281001C7466 /* svg.c */; };
		4A7A5050215117A900B01095 /* Reachability.m in Sources */ = {isa = PBXBuildFile; fileRef = 4A7A504E215117A900B01095 /* Reachability.m */; };
		4A8C198B2164071F00134416 /* voiceHandler.m in Sources */ = {isa = PBXBuildFile; fileRef = 4A8C198A2164071F00134416 /* voiceHandler.m */; };
		4A8F411A21964217004B3C81 /* LineNumberLayoutManager.m in Sources */ = {isa = PBXBuildFile; fileRef = 4A8F411521964216004B3C81 /* LineNumberLayoutManager.m */; };
		4A8F411B21964217004B3C81 /* LineNumberTextView.m in Sources */ = {isa = PBXBuildFile; fileRef = 4A8F411721964216004B3C81 /* LineNumberTextView.m */; };
		4A8F411C21964217004B3C81 /* LineNumberTextViewWrapper.m in Sources */ = {isa = PBXBuildFile; fileRef = 4A8F411921964216004B3C81 /* LineNumberTextViewWrapper.m */; };
		4A9DBD7221D0F9DF000B3307 /* dynamics.txt in Resources */ = {isa = PBXBuildFile; fileRef = 4A9DBD7121D0F9DF000B3307 /* dynamics.txt */; };
		4A9DBD7421D0FAFA000B3307 /* structure.txt in Resources */ = {isa = PBXBuildFile; fileRef = 4A9DBD7321D0FAFA000B3307 /* structure.txt */; };
		4ABD9E0B2150736C00CA5CD4 /* HTTPErrorResponse.m in Sources */ = {isa = PBXBuildFile; fileRef = 4ABD9DC92150736B00CA5CD4 /* HTTPErrorResponse.m */; };
		4ABD9E0C2150736C00CA5CD4 /* HTTPDataResponse.m in Sources */ = {isa = PBXBuildFile; fileRef = 4ABD9DCA2150736B00CA5CD4 /* HTTPDataResponse.m */; };
		4ABD9E0D2150736C00CA5CD4 /* HTTPDynamicFileResponse.m in Sources */ = {isa = PBXBuildFile; fileRef = 4ABD9DCC2150736B00CA5CD4 /* HTTPDynamicFileResponse.m */; };
		4ABD9E0E2150736C00CA5CD4 /* HTTPFileResponse.m in Sources */ = {isa = PBXBuildFile; fileRef = 4ABD9DCD2150736B00CA5CD4 /* HTTPFileResponse.m */; };
		4ABD9E0F2150736C00CA5CD4 /* HTTPAsyncFileResponse.m in Sources */ = {isa = PBXBuildFile; fileRef = 4ABD9DCE2150736B00CA5CD4 /* HTTPAsyncFileResponse.m */; };
		4ABD9E102150736C00CA5CD4 /* HTTPRedirectResponse.m in Sources */ = {isa = PBXBuildFile; fileRef = 4ABD9DCF2150736B00CA5CD4 /* HTTPRedirectResponse.m */; };
		4ABD9E112150736C00CA5CD4 /* HTTPMessage.m in Sources */ = {isa = PBXBuildFile; fileRef = 4ABD9DD52150736B00CA5CD4 /* HTTPMessage.m */; };
		4ABD9E122150736C00CA5CD4 /* HTTPConnection.m in Sources */ = {isa = PBXBuildFile; fileRef = 4ABD9DD62150736B00CA5CD4 /* HTTPConnection.m */; };
		4ABD9E132150736C00CA5CD4 /* WebSocket.m in Sources */ = {isa = PBXBuildFile; fileRef = 4ABD9DD72150736B00CA5CD4 /* WebSocket.m */; };
		4ABD9E142150736C00CA5CD4 /* MultipartMessageHeaderField.m in Sources */ = {isa = PBXBuildFile; fileRef = 4ABD9DDC2150736B00CA5CD4 /* MultipartMessageHeaderField.m */; };
		4ABD9E152150736C00CA5CD4 /* MultipartFormDataParser.m in Sources */ = {isa = PBXBuildFile; fileRef = 4ABD9DDD2150736B00CA5CD4 /* MultipartFormDataParser.m */; };
		4ABD9E162150736C00CA5CD4 /* MultipartMessageHeader.m in Sources */ = {isa = PBXBuildFile; fileRef = 4ABD9DDE2150736B00CA5CD4 /* MultipartMessageHeader.m */; };
		4ABD9E172150736C00CA5CD4 /* HTTPAuthenticationRequest.m in Sources */ = {isa = PBXBuildFile; fileRef = 4ABD9DE02150736B00CA5CD4 /* HTTPAuthenticationRequest.m */; };
		4ABD9E182150736C00CA5CD4 /* DDNumber.m in Sources */ = {isa = PBXBuildFile; fileRef = 4ABD9DE22150736B00CA5CD4 /* DDNumber.m */; };
		4ABD9E192150736C00CA5CD4 /* DDData.m in Sources */ = {isa = PBXBuildFile; fileRef = 4ABD9DE32150736B00CA5CD4 /* DDData.m */; };
		4ABD9E1A2150736C00CA5CD4 /* DDRange.m in Sources */ = {isa = PBXBuildFile; fileRef = 4ABD9DE62150736B00CA5CD4 /* DDRange.m */; };
		4ABD9E1B2150736C00CA5CD4 /* HTTPServer.m in Sources */ = {isa = PBXBuildFile; fileRef = 4ABD9DE82150736B00CA5CD4 /* HTTPServer.m */; };
		4ABD9E1C2150736C00CA5CD4 /* DAVConnection.m in Sources */ = {isa = PBXBuildFile; fileRef = 4ABD9DEB2150736B00CA5CD4 /* DAVConnection.m */; };
		4ABD9E1D2150736C00CA5CD4 /* DELETEResponse.m in Sources */ = {isa = PBXBuildFile; fileRef = 4ABD9DED2150736B00CA5CD4 /* DELETEResponse.m */; };
		4ABD9E1E2150736C00CA5CD4 /* DAVResponse.m in Sources */ = {isa = PBXBuildFile; fileRef = 4ABD9DF02150736B00CA5CD4 /* DAVResponse.m */; };
		4ABD9E1F2150736C00CA5CD4 /* PUTResponse.m in Sources */ = {isa = PBXBuildFile; fileRef = 4ABD9DF12150736B00CA5CD4 /* PUTResponse.m */; };
		4ABD9E202150736C00CA5CD4 /* LICENSE.txt in Resources */ = {isa = PBXBuildFile; fileRef = 4ABD9DF32150736B00CA5CD4 /* LICENSE.txt */; };
		4ABD9E212150736C00CA5CD4 /* DDTTYLogger.m in Sources */ = {isa = PBXBuildFile; fileRef = 4ABD9DF62150736B00CA5CD4 /* DDTTYLogger.m */; };
		4ABD9E222150736C00CA5CD4 /* DDASLLogger.m in Sources */ = {isa = PBXBuildFile; fileRef = 4ABD9DF92150736B00CA5CD4 /* DDASLLogger.m */; };
		4ABD9E232150736C00CA5CD4 /* ContextFilterLogFormatter.m in Sources */ = {isa = PBXBuildFile; fileRef = 4ABD9DFE2150736B00CA5CD4 /* ContextFilterLogFormatter.m */; };
		4ABD9E242150736C00CA5CD4 /* DispatchQueueLogFormatter.m in Sources */ = {isa = PBXBuildFile; fileRef = 4ABD9DFF2150736B00CA5CD4 /* DispatchQueueLogFormatter.m */; };
		4ABD9E252150736C00CA5CD4 /* README.txt in Resources */ = {isa = PBXBuildFile; fileRef = 4ABD9E002150736B00CA5CD4 /* README.txt */; };
		4ABD9E262150736C00CA5CD4 /* DDLog.m in Sources */ = {isa = PBXBuildFile; fileRef = 4ABD9E012150736B00CA5CD4 /* DDLog.m */; };
		4ABD9E282150736C00CA5CD4 /* DDAbstractDatabaseLogger.m in Sources */ = {isa = PBXBuildFile; fileRef = 4ABD9E042150736B00CA5CD4 /* DDAbstractDatabaseLogger.m */; };
		4ABD9E292150736C00CA5CD4 /* DDFileLogger.m in Sources */ = {isa = PBXBuildFile; fileRef = 4ABD9E052150736B00CA5CD4 /* DDFileLogger.m */; };
		4ABD9E2A2150736C00CA5CD4 /* GCDAsyncSocket.m in Sources */ = {isa = PBXBuildFile; fileRef = 4ABD9E082150736B00CA5CD4 /* GCDAsyncSocket.m */; };
		4ABD9E2B2150736C00CA5CD4 /* About.txt in Resources */ = {isa = PBXBuildFile; fileRef = 4ABD9E092150736B00CA5CD4 /* About.txt */; };
		4ABD9E2E2150739800CA5CD4 /* WebServer.m in Sources */ = {isa = PBXBuildFile; fileRef = 4ABD9E2D2150739700CA5CD4 /* WebServer.m */; };
		4AD31CEB215C357400D3A910 /* UIKit.framework in Frameworks */ = {isa = PBXBuildFile; fileRef = 4ABCD482215BDBDE000A6A53 /* UIKit.framework */; };
		4ADEC5712163D2CB0069274B /* libxml2.2.dylib in Frameworks */ = {isa = PBXBuildFile; fileRef = 4ADEC5702163D2CB0069274B /* libxml2.2.dylib */; };
		4AFD1E3021A59566009924F4 /* MessageUI.framework in Frameworks */ = {isa = PBXBuildFile; fileRef = 4AFD1E2F21A59566009924F4 /* MessageUI.framework */; };
/* End PBXBuildFile section */

/* Begin PBXContainerItemProxy section */
		4A2D7DCF214EBBCE005FB580 /* PBXContainerItemProxy */ = {
			isa = PBXContainerItemProxy;
			containerPortal = 4A2D7DAE214EBBCE005FB580 /* Project object */;
			proxyType = 1;
			remoteGlobalIDString = 4A2D7DB5214EBBCE005FB580;
			remoteInfo = abConduct_iOS;
		};
		4A2D7DDA214EBBCF005FB580 /* PBXContainerItemProxy */ = {
			isa = PBXContainerItemProxy;
			containerPortal = 4A2D7DAE214EBBCE005FB580 /* Project object */;
			proxyType = 1;
			remoteGlobalIDString = 4A2D7DB5214EBBCE005FB580;
			remoteInfo = abConduct_iOS;
		};
/* End PBXContainerItemProxy section */

/* Begin PBXCopyFilesBuildPhase section */
		4AFCCA872156BDF5007A8098 /* Embed Frameworks */ = {
			isa = PBXCopyFilesBuildPhase;
			buildActionMask = 2147483647;
			dstPath = "";
			dstSubfolderSpec = 10;
			files = (
				4A473E52222DB2F4009F0B22 /* STPopup.framework in Embed Frameworks */,
			);
			name = "Embed Frameworks";
			runOnlyForDeploymentPostprocessing = 0;
		};
/* End PBXCopyFilesBuildPhase section */

/* Begin PBXFileReference section */
		4A20DCA4218B3DA600EC3765 /* CoreAudio.framework */ = {isa = PBXFileReference; lastKnownFileType = wrapper.framework; name = CoreAudio.framework; path = System/Library/Frameworks/CoreAudio.framework; sourceTree = SDKROOT; };
		4A20DCA6218B3DB100EC3765 /* CoreMIDI.framework */ = {isa = PBXFileReference; lastKnownFileType = wrapper.framework; name = CoreMIDI.framework; path = System/Library/Frameworks/CoreMIDI.framework; sourceTree = SDKROOT; };
		4A20DCA8218B3DBE00EC3765 /* AudioToolbox.framework */ = {isa = PBXFileReference; lastKnownFileType = wrapper.framework; name = AudioToolbox.framework; path = System/Library/Frameworks/AudioToolbox.framework; sourceTree = SDKROOT; };
		4A20DCAA218B3E0200EC3765 /* midiPlayer.h */ = {isa = PBXFileReference; lastKnownFileType = sourcecode.c.h; path = midiPlayer.h; sourceTree = "<group>"; };
		4A20DCAB218B3E0200EC3765 /* midiPlayer.m */ = {isa = PBXFileReference; lastKnownFileType = sourcecode.c.objc; path = midiPlayer.m; sourceTree = "<group>"; };
		4A2125FE218A11AC007EFE1D /* parseabc.c */ = {isa = PBXFileReference; fileEncoding = 4; lastKnownFileType = sourcecode.c.c; path = parseabc.c; sourceTree = "<group>"; };
		4A2125FF218A11AC007EFE1D /* parseabc.h */ = {isa = PBXFileReference; fileEncoding = 4; lastKnownFileType = sourcecode.c.h; path = parseabc.h; sourceTree = "<group>"; };
		4A212600218A11AC007EFE1D /* genmidi.h */ = {isa = PBXFileReference; fileEncoding = 4; lastKnownFileType = sourcecode.c.h; path = genmidi.h; sourceTree = "<group>"; };
		4A212601218A11AD007EFE1D /* store.c */ = {isa = PBXFileReference; fileEncoding = 4; lastKnownFileType = sourcecode.c.c; path = store.c; sourceTree = "<group>"; };
		4A212602218A11AD007EFE1D /* midifile.h */ = {isa = PBXFileReference; fileEncoding = 4; lastKnownFileType = sourcecode.c.h; path = midifile.h; sourceTree = "<group>"; };
		4A212603218A11AD007EFE1D /* midifile.c */ = {isa = PBXFileReference; fileEncoding = 4; lastKnownFileType = sourcecode.c.c; path = midifile.c; sourceTree = "<group>"; };
		4A212604218A11AD007EFE1D /* parser2.h */ = {isa = PBXFileReference; fileEncoding = 4; lastKnownFileType = sourcecode.c.h; path = parser2.h; sourceTree = "<group>"; };
		4A212605218A11AE007EFE1D /* genmidi.c */ = {isa = PBXFileReference; fileEncoding = 4; lastKnownFileType = sourcecode.c.c; path = genmidi.c; sourceTree = "<group>"; };
		4A212606218A11AE007EFE1D /* parser2.c */ = {isa = PBXFileReference; fileEncoding = 4; lastKnownFileType = sourcecode.c.c; path = parser2.c; sourceTree = "<group>"; };
		4A21260C218A11D0007EFE1D /* abc.h */ = {isa = PBXFileReference; lastKnownFileType = sourcecode.c.h; path = abc.h; sourceTree = "<group>"; };
		4A21260D218A13D3007EFE1D /* queues.c */ = {isa = PBXFileReference; fileEncoding = 4; lastKnownFileType = sourcecode.c.c; path = queues.c; sourceTree = "<group>"; };
		4A21260E218A13D3007EFE1D /* queues.h */ = {isa = PBXFileReference; fileEncoding = 4; lastKnownFileType = sourcecode.c.h; path = queues.h; sourceTree = "<group>"; };
		4A2B94082152EDD300AA3F7A /* arrayPicker.h */ = {isa = PBXFileReference; lastKnownFileType = sourcecode.c.h; path = arrayPicker.h; sourceTree = "<group>"; };
		4A2B94092152EDD300AA3F7A /* arrayPicker.m */ = {isa = PBXFileReference; lastKnownFileType = sourcecode.c.objc; path = arrayPicker.m; sourceTree = "<group>"; };
		4A2D7DB6214EBBCE005FB580 /* abConduct_iOS.app */ = {isa = PBXFileReference; explicitFileType = wrapper.application; includeInIndex = 0; path = abConduct_iOS.app; sourceTree = BUILT_PRODUCTS_DIR; };
		4A2D7DB9214EBBCE005FB580 /* AppDelegate.h */ = {isa = PBXFileReference; lastKnownFileType = sourcecode.c.h; path = AppDelegate.h; sourceTree = "<group>"; };
		4A2D7DBA214EBBCE005FB580 /* AppDelegate.m */ = {isa = PBXFileReference; lastKnownFileType = sourcecode.c.objc; path = AppDelegate.m; sourceTree = "<group>"; };
		4A2D7DBC214EBBCE005FB580 /* ViewController.h */ = {isa = PBXFileReference; lastKnownFileType = sourcecode.c.h; path = ViewController.h; sourceTree = "<group>"; };
		4A2D7DBD214EBBCE005FB580 /* ViewController.m */ = {isa = PBXFileReference; lastKnownFileType = sourcecode.c.objc; path = ViewController.m; sourceTree = "<group>"; };
		4A2D7DC0214EBBCE005FB580 /* Base */ = {isa = PBXFileReference; lastKnownFileType = file.storyboard; name = Base; path = Base.lproj/Main.storyboard; sourceTree = "<group>"; };
		4A2D7DC2214EBBCE005FB580 /* Assets.xcassets */ = {isa = PBXFileReference; lastKnownFileType = folder.assetcatalog; path = Assets.xcassets; sourceTree = "<group>"; };
		4A2D7DC5214EBBCE005FB580 /* Base */ = {isa = PBXFileReference; lastKnownFileType = file.storyboard; name = Base; path = Base.lproj/LaunchScreen.storyboard; sourceTree = "<group>"; };
		4A2D7DC7214EBBCE005FB580 /* Info.plist */ = {isa = PBXFileReference; lastKnownFileType = text.plist.xml; path = Info.plist; sourceTree = "<group>"; };
		4A2D7DC8214EBBCE005FB580 /* main.m */ = {isa = PBXFileReference; lastKnownFileType = sourcecode.c.objc; path = main.m; sourceTree = "<group>"; };
		4A2D7DCE214EBBCE005FB580 /* abConduct_iOSTests.xctest */ = {isa = PBXFileReference; explicitFileType = wrapper.cfbundle; includeInIndex = 0; path = abConduct_iOSTests.xctest; sourceTree = BUILT_PRODUCTS_DIR; };
		4A2D7DD2214EBBCE005FB580 /* abConduct_iOSTests.m */ = {isa = PBXFileReference; lastKnownFileType = sourcecode.c.objc; path = abConduct_iOSTests.m; sourceTree = "<group>"; };
		4A2D7DD4214EBBCF005FB580 /* Info.plist */ = {isa = PBXFileReference; lastKnownFileType = text.plist.xml; path = Info.plist; sourceTree = "<group>"; };
		4A2D7DD9214EBBCF005FB580 /* abConduct_iOSUITests.xctest */ = {isa = PBXFileReference; explicitFileType = wrapper.cfbundle; includeInIndex = 0; path = abConduct_iOSUITests.xctest; sourceTree = BUILT_PRODUCTS_DIR; };
		4A2D7DDD214EBBCF005FB580 /* abConduct_iOSUITests.m */ = {isa = PBXFileReference; lastKnownFileType = sourcecode.c.objc; path = abConduct_iOSUITests.m; sourceTree = "<group>"; };
		4A2D7DDF214EBBCF005FB580 /* Info.plist */ = {isa = PBXFileReference; lastKnownFileType = text.plist.xml; path = Info.plist; sourceTree = "<group>"; };
		4A30E55121F5A569000E4625 /* directives.txt */ = {isa = PBXFileReference; lastKnownFileType = text; path = directives.txt; sourceTree = "<group>"; };
		4A3A9B332150081E009757BC /* WebKit.framework */ = {isa = PBXFileReference; lastKnownFileType = wrapper.framework; name = WebKit.framework; path = System/Library/Frameworks/WebKit.framework; sourceTree = SDKROOT; };
		4A3C598B218A18AE00AD9A62 /* stresspat.c */ = {isa = PBXFileReference; fileEncoding = 4; lastKnownFileType = sourcecode.c.c; path = stresspat.c; sourceTree = "<group>"; };
		4A473E4F222DB2D4009F0B22 /* STPopup.framework */ = {isa = PBXFileReference; lastKnownFileType = wrapper.framework; path = STPopup.framework; sourceTree = "<group>"; };
		4A473EEB222DB6C1009F0B22 /* CocoaLumberjack.framework */ = {isa = PBXFileReference; lastKnownFileType = wrapper.framework; path = CocoaLumberjack.framework; sourceTree = "<group>"; };
		4A473EF2222DCB6C009F0B22 /* exportViewController.h */ = {isa = PBXFileReference; lastKnownFileType = sourcecode.c.h; path = exportViewController.h; sourceTree = "<group>"; };
		4A473EF3222DCB6C009F0B22 /* exportViewController.m */ = {isa = PBXFileReference; lastKnownFileType = sourcecode.c.objc; path = exportViewController.m; sourceTree = "<group>"; };
		4A47A8CA21D2BC0400B33A51 /* midiInstruments.txt */ = {isa = PBXFileReference; lastKnownFileType = text; path = midiInstruments.txt; sourceTree = "<group>"; };
		4A4C07FA21CFA6AD00FCF89B /* decorations.txt */ = {isa = PBXFileReference; lastKnownFileType = text; path = decorations.txt; sourceTree = "<group>"; };
		4A596581215C300300F226A5 /* Foundation.framework */ = {isa = PBXFileReference; lastKnownFileType = wrapper.framework; name = Foundation.framework; path = System/Library/Frameworks/Foundation.framework; sourceTree = SDKROOT; };
		4A66AB83222961CB00F5D1D8 /* loadFileViewController.h */ = {isa = PBXFileReference; lastKnownFileType = sourcecode.c.h; path = loadFileViewController.h; sourceTree = "<group>"; };
		4A66AB84222961CB00F5D1D8 /* loadFileViewController.m */ = {isa = PBXFileReference; lastKnownFileType = sourcecode.c.objc; path = loadFileViewController.m; sourceTree = "<group>"; };
		4A6743812150012400886D97 /* DefaultFiles */ = {isa = PBXFileReference; lastKnownFileType = folder; path = DefaultFiles; sourceTree = "<group>"; };
		4A6B2AAD21EFBAE6007F9CEA /* createFileViewController.h */ = {isa = PBXFileReference; lastKnownFileType = sourcecode.c.h; path = createFileViewController.h; sourceTree = "<group>"; };
		4A6B2AAE21EFBAE6007F9CEA /* createFileViewController.m */ = {isa = PBXFileReference; lastKnownFileType = sourcecode.c.objc; path = createFileViewController.m; sourceTree = "<group>"; };
		4A70C11F21D3B4B5002A41F3 /* drummapSounds.txt */ = {isa = PBXFileReference; lastKnownFileType = text; path = drummapSounds.txt; sourceTree = "<group>"; };
		4A70E3FC222DA7A2008BF2DB /* CoreText.framework */ = {isa = PBXFileReference; lastKnownFileType = wrapper.framework; name = CoreText.framework; path = System/Library/Frameworks/CoreText.framework; sourceTree = SDKROOT; };
		4A70E3FE222DA7BD008BF2DB /* CoreImage.framework */ = {isa = PBXFileReference; lastKnownFileType = wrapper.framework; name = CoreImage.framework; path = System/Library/Frameworks/CoreImage.framework; sourceTree = SDKROOT; };
		4A70E400222DA7D1008BF2DB /* QuartzCore.framework */ = {isa = PBXFileReference; lastKnownFileType = wrapper.framework; name = QuartzCore.framework; path = System/Library/Frameworks/QuartzCore.framework; sourceTree = SDKROOT; };
		4A70E402222DA7E2008BF2DB /* CoreGraphics.framework */ = {isa = PBXFileReference; lastKnownFileType = wrapper.framework; name = CoreGraphics.framework; path = System/Library/Frameworks/CoreGraphics.framework; sourceTree = SDKROOT; };
		4A7425052163F281001C7466 /* abcparse.c */ = {isa = PBXFileReference; fileEncoding = 4; lastKnownFileType = sourcecode.c.c; path = abcparse.c; sourceTree = "<group>"; };
		4A7425062163F281001C7466 /* buffer.c */ = {isa = PBXFileReference; fileEncoding = 4; lastKnownFileType = sourcecode.c.c; path = buffer.c; sourceTree = "<group>"; };
		4A7425072163F281001C7466 /* config.h */ = {isa = PBXFileReference; fileEncoding = 4; lastKnownFileType = sourcecode.c.h; path = config.h; sourceTree = "<group>"; };
		4A7425082163F281001C7466 /* format.c */ = {isa = PBXFileReference; fileEncoding = 4; lastKnownFileType = sourcecode.c.c; path = format.c; sourceTree = "<group>"; };
		4A7425092163F281001C7466 /* abcm2ps.c */ = {isa = PBXFileReference; fileEncoding = 4; lastKnownFileType = sourcecode.c.c; path = abcm2ps.c; sourceTree = "<group>"; };
		4A74250A2163F281001C7466 /* utilities.h */ = {isa = PBXFileReference; fileEncoding = 4; lastKnownFileType = sourcecode.c.h; path = utilities.h; sourceTree = "<group>"; };
		4A74250B2163F281001C7466 /* draw.c */ = {isa = PBXFileReference; fileEncoding = 4; lastKnownFileType = sourcecode.c.c; path = draw.c; sourceTree = "<group>"; };
		4A74250C2163F281001C7466 /* glyph.c */ = {isa = PBXFileReference; fileEncoding = 4; lastKnownFileType = sourcecode.c.c; path = glyph.c; sourceTree = "<group>"; };
		4A74250E2163F281001C7466 /* subs.c */ = {isa = PBXFileReference; fileEncoding = 4; lastKnownFileType = sourcecode.c.c; path = subs.c; sourceTree = "<group>"; };
		4A74250F2163F281001C7466 /* deco.c */ = {isa = PBXFileReference; fileEncoding = 4; lastKnownFileType = sourcecode.c.c; path = deco.c; sourceTree = "<group>"; };
		4A7425102163F281001C7466 /* music.c */ = {isa = PBXFileReference; fileEncoding = 4; lastKnownFileType = sourcecode.c.c; path = music.c; sourceTree = "<group>"; };
		4A7425112163F281001C7466 /* front.c */ = {isa = PBXFileReference; fileEncoding = 4; lastKnownFileType = sourcecode.c.c; path = front.c; sourceTree = "<group>"; };
		4A7425132163F281001C7466 /* utilities.m */ = {isa = PBXFileReference; fileEncoding = 4; lastKnownFileType = sourcecode.c.objc; path = utilities.m; sourceTree = "<group>"; };
		4A7425142163F281001C7466 /* parse.c */ = {isa = PBXFileReference; fileEncoding = 4; lastKnownFileType = sourcecode.c.c; path = parse.c; sourceTree = "<group>"; };
		4A7425172163F281001C7466 /* syms.c */ = {isa = PBXFileReference; fileEncoding = 4; lastKnownFileType = sourcecode.c.c; path = syms.c; sourceTree = "<group>"; };
		4A7425192163F281001C7466 /* svg.c */ = {isa = PBXFileReference; fileEncoding = 4; lastKnownFileType = sourcecode.c.c; path = svg.c; sourceTree = "<group>"; };
		4A7A504E215117A900B01095 /* Reachability.m */ = {isa = PBXFileReference; fileEncoding = 4; lastKnownFileType = sourcecode.c.objc; path = Reachability.m; sourceTree = "<group>"; };
		4A7A504F215117A900B01095 /* Reachability.h */ = {isa = PBXFileReference; fileEncoding = 4; lastKnownFileType = sourcecode.c.h; path = Reachability.h; sourceTree = "<group>"; };
		4A83B2A221DF984A0029EF0E /* toabc.c */ = {isa = PBXFileReference; fileEncoding = 4; lastKnownFileType = sourcecode.c.c; path = toabc.c; sourceTree = "<group>"; };
		4A8C198A2164071F00134416 /* voiceHandler.m */ = {isa = PBXFileReference; lastKnownFileType = sourcecode.c.objc; path = voiceHandler.m; sourceTree = "<group>"; };
		4A8C198C2164072C00134416 /* voiceHandler.h */ = {isa = PBXFileReference; lastKnownFileType = sourcecode.c.h; path = voiceHandler.h; sourceTree = "<group>"; };
		4A8F411421964216004B3C81 /* LineNumberLayoutManager.h */ = {isa = PBXFileReference; fileEncoding = 4; lastKnownFileType = sourcecode.c.h; path = LineNumberLayoutManager.h; sourceTree = "<group>"; };
		4A8F411521964216004B3C81 /* LineNumberLayoutManager.m */ = {isa = PBXFileReference; fileEncoding = 4; lastKnownFileType = sourcecode.c.objc; path = LineNumberLayoutManager.m; sourceTree = "<group>"; };
		4A8F411621964216004B3C81 /* LineNumberTextView.h */ = {isa = PBXFileReference; fileEncoding = 4; lastKnownFileType = sourcecode.c.h; path = LineNumberTextView.h; sourceTree = "<group>"; };
		4A8F411721964216004B3C81 /* LineNumberTextView.m */ = {isa = PBXFileReference; fileEncoding = 4; lastKnownFileType = sourcecode.c.objc; path = LineNumberTextView.m; sourceTree = "<group>"; };
		4A8F411821964216004B3C81 /* LineNumberTextViewWrapper.h */ = {isa = PBXFileReference; fileEncoding = 4; lastKnownFileType = sourcecode.c.h; path = LineNumberTextViewWrapper.h; sourceTree = "<group>"; };
		4A8F411921964216004B3C81 /* LineNumberTextViewWrapper.m */ = {isa = PBXFileReference; fileEncoding = 4; lastKnownFileType = sourcecode.c.objc; path = LineNumberTextViewWrapper.m; sourceTree = "<group>"; };
		4A9DBD7121D0F9DF000B3307 /* dynamics.txt */ = {isa = PBXFileReference; lastKnownFileType = text; path = dynamics.txt; sourceTree = "<group>"; };
		4A9DBD7321D0FAFA000B3307 /* structure.txt */ = {isa = PBXFileReference; lastKnownFileType = text; path = structure.txt; sourceTree = "<group>"; };
		4A9FD8FD218A431E00DF03D1 /* store.h */ = {isa = PBXFileReference; lastKnownFileType = sourcecode.c.h; path = store.h; sourceTree = "<group>"; };
		4A9FD8FF218A43D800DF03D1 /* abcm2ps.h */ = {isa = PBXFileReference; lastKnownFileType = sourcecode.c.h; path = abcm2ps.h; sourceTree = "<group>"; };
		4ABCD482215BDBDE000A6A53 /* UIKit.framework */ = {isa = PBXFileReference; lastKnownFileType = wrapper.framework; name = UIKit.framework; path = System/Library/Frameworks/UIKit.framework; sourceTree = SDKROOT; };
		4ABD9DC22150736B00CA5CD4 /* HTTPConnection.h */ = {isa = PBXFileReference; fileEncoding = 4; lastKnownFileType = sourcecode.c.h; path = HTTPConnection.h; sourceTree = "<group>"; };
		4ABD9DC32150736B00CA5CD4 /* HTTPLogging.h */ = {isa = PBXFileReference; fileEncoding = 4; lastKnownFileType = sourcecode.c.h; path = HTTPLogging.h; sourceTree = "<group>"; };
		4ABD9DC42150736B00CA5CD4 /* HTTPMessage.h */ = {isa = PBXFileReference; fileEncoding = 4; lastKnownFileType = sourcecode.c.h; path = HTTPMessage.h; sourceTree = "<group>"; };
		4ABD9DC52150736B00CA5CD4 /* WebSocket.h */ = {isa = PBXFileReference; fileEncoding = 4; lastKnownFileType = sourcecode.c.h; path = WebSocket.h; sourceTree = "<group>"; };
		4ABD9DC62150736B00CA5CD4 /* HTTPAuthenticationRequest.h */ = {isa = PBXFileReference; fileEncoding = 4; lastKnownFileType = sourcecode.c.h; path = HTTPAuthenticationRequest.h; sourceTree = "<group>"; };
		4ABD9DC82150736B00CA5CD4 /* HTTPAsyncFileResponse.h */ = {isa = PBXFileReference; fileEncoding = 4; lastKnownFileType = sourcecode.c.h; path = HTTPAsyncFileResponse.h; sourceTree = "<group>"; };
		4ABD9DC92150736B00CA5CD4 /* HTTPErrorResponse.m */ = {isa = PBXFileReference; fileEncoding = 4; lastKnownFileType = sourcecode.c.objc; path = HTTPErrorResponse.m; sourceTree = "<group>"; };
		4ABD9DCA2150736B00CA5CD4 /* HTTPDataResponse.m */ = {isa = PBXFileReference; fileEncoding = 4; lastKnownFileType = sourcecode.c.objc; path = HTTPDataResponse.m; sourceTree = "<group>"; };
		4ABD9DCB2150736B00CA5CD4 /* HTTPRedirectResponse.h */ = {isa = PBXFileReference; fileEncoding = 4; lastKnownFileType = sourcecode.c.h; path = HTTPRedirectResponse.h; sourceTree = "<group>"; };
		4ABD9DCC2150736B00CA5CD4 /* HTTPDynamicFileResponse.m */ = {isa = PBXFileReference; fileEncoding = 4; lastKnownFileType = sourcecode.c.objc; path = HTTPDynamicFileResponse.m; sourceTree = "<group>"; };
		4ABD9DCD2150736B00CA5CD4 /* HTTPFileResponse.m */ = {isa = PBXFileReference; fileEncoding = 4; lastKnownFileType = sourcecode.c.objc; path = HTTPFileResponse.m; sourceTree = "<group>"; };
		4ABD9DCE2150736B00CA5CD4 /* HTTPAsyncFileResponse.m */ = {isa = PBXFileReference; fileEncoding = 4; lastKnownFileType = sourcecode.c.objc; path = HTTPAsyncFileResponse.m; sourceTree = "<group>"; };
		4ABD9DCF2150736B00CA5CD4 /* HTTPRedirectResponse.m */ = {isa = PBXFileReference; fileEncoding = 4; lastKnownFileType = sourcecode.c.objc; path = HTTPRedirectResponse.m; sourceTree = "<group>"; };
		4ABD9DD02150736B00CA5CD4 /* HTTPDataResponse.h */ = {isa = PBXFileReference; fileEncoding = 4; lastKnownFileType = sourcecode.c.h; path = HTTPDataResponse.h; sourceTree = "<group>"; };
		4ABD9DD12150736B00CA5CD4 /* HTTPErrorResponse.h */ = {isa = PBXFileReference; fileEncoding = 4; lastKnownFileType = sourcecode.c.h; path = HTTPErrorResponse.h; sourceTree = "<group>"; };
		4ABD9DD22150736B00CA5CD4 /* HTTPFileResponse.h */ = {isa = PBXFileReference; fileEncoding = 4; lastKnownFileType = sourcecode.c.h; path = HTTPFileResponse.h; sourceTree = "<group>"; };
		4ABD9DD32150736B00CA5CD4 /* HTTPDynamicFileResponse.h */ = {isa = PBXFileReference; fileEncoding = 4; lastKnownFileType = sourcecode.c.h; path = HTTPDynamicFileResponse.h; sourceTree = "<group>"; };
		4ABD9DD42150736B00CA5CD4 /* HTTPServer.h */ = {isa = PBXFileReference; fileEncoding = 4; lastKnownFileType = sourcecode.c.h; path = HTTPServer.h; sourceTree = "<group>"; };
		4ABD9DD52150736B00CA5CD4 /* HTTPMessage.m */ = {isa = PBXFileReference; fileEncoding = 4; lastKnownFileType = sourcecode.c.objc; path = HTTPMessage.m; sourceTree = "<group>"; };
		4ABD9DD62150736B00CA5CD4 /* HTTPConnection.m */ = {isa = PBXFileReference; fileEncoding = 4; lastKnownFileType = sourcecode.c.objc; path = HTTPConnection.m; sourceTree = "<group>"; };
		4ABD9DD72150736B00CA5CD4 /* WebSocket.m */ = {isa = PBXFileReference; fileEncoding = 4; lastKnownFileType = sourcecode.c.objc; path = WebSocket.m; sourceTree = "<group>"; };
		4ABD9DD82150736B00CA5CD4 /* HTTPResponse.h */ = {isa = PBXFileReference; fileEncoding = 4; lastKnownFileType = sourcecode.c.h; path = HTTPResponse.h; sourceTree = "<group>"; };
		4ABD9DDA2150736B00CA5CD4 /* MultipartFormDataParser.h */ = {isa = PBXFileReference; fileEncoding = 4; lastKnownFileType = sourcecode.c.h; path = MultipartFormDataParser.h; sourceTree = "<group>"; };
		4ABD9DDB2150736B00CA5CD4 /* MultipartMessageHeader.h */ = {isa = PBXFileReference; fileEncoding = 4; lastKnownFileType = sourcecode.c.h; path = MultipartMessageHeader.h; sourceTree = "<group>"; };
		4ABD9DDC2150736B00CA5CD4 /* MultipartMessageHeaderField.m */ = {isa = PBXFileReference; fileEncoding = 4; lastKnownFileType = sourcecode.c.objc; path = MultipartMessageHeaderField.m; sourceTree = "<group>"; };
		4ABD9DDD2150736B00CA5CD4 /* MultipartFormDataParser.m */ = {isa = PBXFileReference; fileEncoding = 4; lastKnownFileType = sourcecode.c.objc; path = MultipartFormDataParser.m; sourceTree = "<group>"; };
		4ABD9DDE2150736B00CA5CD4 /* MultipartMessageHeader.m */ = {isa = PBXFileReference; fileEncoding = 4; lastKnownFileType = sourcecode.c.objc; path = MultipartMessageHeader.m; sourceTree = "<group>"; };
		4ABD9DDF2150736B00CA5CD4 /* MultipartMessageHeaderField.h */ = {isa = PBXFileReference; fileEncoding = 4; lastKnownFileType = sourcecode.c.h; path = MultipartMessageHeaderField.h; sourceTree = "<group>"; };
		4ABD9DE02150736B00CA5CD4 /* HTTPAuthenticationRequest.m */ = {isa = PBXFileReference; fileEncoding = 4; lastKnownFileType = sourcecode.c.objc; path = HTTPAuthenticationRequest.m; sourceTree = "<group>"; };
		4ABD9DE22150736B00CA5CD4 /* DDNumber.m */ = {isa = PBXFileReference; fileEncoding = 4; lastKnownFileType = sourcecode.c.objc; path = DDNumber.m; sourceTree = "<group>"; };
		4ABD9DE32150736B00CA5CD4 /* DDData.m */ = {isa = PBXFileReference; fileEncoding = 4; lastKnownFileType = sourcecode.c.objc; path = DDData.m; sourceTree = "<group>"; };
		4ABD9DE42150736B00CA5CD4 /* DDRange.h */ = {isa = PBXFileReference; fileEncoding = 4; lastKnownFileType = sourcecode.c.h; path = DDRange.h; sourceTree = "<group>"; };
		4ABD9DE52150736B00CA5CD4 /* DDNumber.h */ = {isa = PBXFileReference; fileEncoding = 4; lastKnownFileType = sourcecode.c.h; path = DDNumber.h; sourceTree = "<group>"; };
		4ABD9DE62150736B00CA5CD4 /* DDRange.m */ = {isa = PBXFileReference; fileEncoding = 4; lastKnownFileType = sourcecode.c.objc; path = DDRange.m; sourceTree = "<group>"; };
		4ABD9DE72150736B00CA5CD4 /* DDData.h */ = {isa = PBXFileReference; fileEncoding = 4; lastKnownFileType = sourcecode.c.h; path = DDData.h; sourceTree = "<group>"; };
		4ABD9DE82150736B00CA5CD4 /* HTTPServer.m */ = {isa = PBXFileReference; fileEncoding = 4; lastKnownFileType = sourcecode.c.objc; path = HTTPServer.m; sourceTree = "<group>"; };
		4ABD9DEB2150736B00CA5CD4 /* DAVConnection.m */ = {isa = PBXFileReference; fileEncoding = 4; lastKnownFileType = sourcecode.c.objc; path = DAVConnection.m; sourceTree = "<group>"; };
		4ABD9DEC2150736B00CA5CD4 /* DAVResponse.h */ = {isa = PBXFileReference; fileEncoding = 4; lastKnownFileType = sourcecode.c.h; path = DAVResponse.h; sourceTree = "<group>"; };
		4ABD9DED2150736B00CA5CD4 /* DELETEResponse.m */ = {isa = PBXFileReference; fileEncoding = 4; lastKnownFileType = sourcecode.c.objc; path = DELETEResponse.m; sourceTree = "<group>"; };
		4ABD9DEE2150736B00CA5CD4 /* PUTResponse.h */ = {isa = PBXFileReference; fileEncoding = 4; lastKnownFileType = sourcecode.c.h; path = PUTResponse.h; sourceTree = "<group>"; };
		4ABD9DEF2150736B00CA5CD4 /* DAVConnection.h */ = {isa = PBXFileReference; fileEncoding = 4; lastKnownFileType = sourcecode.c.h; path = DAVConnection.h; sourceTree = "<group>"; };
		4ABD9DF02150736B00CA5CD4 /* DAVResponse.m */ = {isa = PBXFileReference; fileEncoding = 4; lastKnownFileType = sourcecode.c.objc; path = DAVResponse.m; sourceTree = "<group>"; };
		4ABD9DF12150736B00CA5CD4 /* PUTResponse.m */ = {isa = PBXFileReference; fileEncoding = 4; lastKnownFileType = sourcecode.c.objc; path = PUTResponse.m; sourceTree = "<group>"; };
		4ABD9DF22150736B00CA5CD4 /* DELETEResponse.h */ = {isa = PBXFileReference; fileEncoding = 4; lastKnownFileType = sourcecode.c.h; path = DELETEResponse.h; sourceTree = "<group>"; };
		4ABD9DF32150736B00CA5CD4 /* LICENSE.txt */ = {isa = PBXFileReference; fileEncoding = 4; lastKnownFileType = text; path = LICENSE.txt; sourceTree = "<group>"; };
		4ABD9DF62150736B00CA5CD4 /* DDTTYLogger.m */ = {isa = PBXFileReference; fileEncoding = 4; lastKnownFileType = sourcecode.c.objc; path = DDTTYLogger.m; sourceTree = "<group>"; };
		4ABD9DF72150736B00CA5CD4 /* DDLog.h */ = {isa = PBXFileReference; fileEncoding = 4; lastKnownFileType = sourcecode.c.h; path = DDLog.h; sourceTree = "<group>"; };
		4ABD9DF82150736B00CA5CD4 /* DDAbstractDatabaseLogger.h */ = {isa = PBXFileReference; fileEncoding = 4; lastKnownFileType = sourcecode.c.h; path = DDAbstractDatabaseLogger.h; sourceTree = "<group>"; };
		4ABD9DF92150736B00CA5CD4 /* DDASLLogger.m */ = {isa = PBXFileReference; fileEncoding = 4; lastKnownFileType = sourcecode.c.objc; path = DDASLLogger.m; sourceTree = "<group>"; };
		4ABD9DFA2150736B00CA5CD4 /* DDFileLogger.h */ = {isa = PBXFileReference; fileEncoding = 4; lastKnownFileType = sourcecode.c.h; path = DDFileLogger.h; sourceTree = "<group>"; };
		4ABD9DFC2150736B00CA5CD4 /* ContextFilterLogFormatter.h */ = {isa = PBXFileReference; fileEncoding = 4; lastKnownFileType = sourcecode.c.h; path = ContextFilterLogFormatter.h; sourceTree = "<group>"; };
		4ABD9DFD2150736B00CA5CD4 /* DispatchQueueLogFormatter.h */ = {isa = PBXFileReference; fileEncoding = 4; lastKnownFileType = sourcecode.c.h; path = DispatchQueueLogFormatter.h; sourceTree = "<group>"; };
		4ABD9DFE2150736B00CA5CD4 /* ContextFilterLogFormatter.m */ = {isa = PBXFileReference; fileEncoding = 4; lastKnownFileType = sourcecode.c.objc; path = ContextFilterLogFormatter.m; sourceTree = "<group>"; };
		4ABD9DFF2150736B00CA5CD4 /* DispatchQueueLogFormatter.m */ = {isa = PBXFileReference; fileEncoding = 4; lastKnownFileType = sourcecode.c.objc; path = DispatchQueueLogFormatter.m; sourceTree = "<group>"; };
		4ABD9E002150736B00CA5CD4 /* README.txt */ = {isa = PBXFileReference; fileEncoding = 4; lastKnownFileType = text; path = README.txt; sourceTree = "<group>"; };
		4ABD9E012150736B00CA5CD4 /* DDLog.m */ = {isa = PBXFileReference; fileEncoding = 4; lastKnownFileType = sourcecode.c.objc; path = DDLog.m; sourceTree = "<group>"; };
		4ABD9E022150736B00CA5CD4 /* About.txt */ = {isa = PBXFileReference; fileEncoding = 4; lastKnownFileType = text; path = About.txt; sourceTree = "<group>"; };
		4ABD9E032150736B00CA5CD4 /* DDTTYLogger.h */ = {isa = PBXFileReference; fileEncoding = 4; lastKnownFileType = sourcecode.c.h; path = DDTTYLogger.h; sourceTree = "<group>"; };
		4ABD9E042150736B00CA5CD4 /* DDAbstractDatabaseLogger.m */ = {isa = PBXFileReference; fileEncoding = 4; lastKnownFileType = sourcecode.c.objc; path = DDAbstractDatabaseLogger.m; sourceTree = "<group>"; };
		4ABD9E052150736B00CA5CD4 /* DDFileLogger.m */ = {isa = PBXFileReference; fileEncoding = 4; lastKnownFileType = sourcecode.c.objc; path = DDFileLogger.m; sourceTree = "<group>"; };
		4ABD9E062150736B00CA5CD4 /* DDASLLogger.h */ = {isa = PBXFileReference; fileEncoding = 4; lastKnownFileType = sourcecode.c.h; path = DDASLLogger.h; sourceTree = "<group>"; };
		4ABD9E082150736B00CA5CD4 /* GCDAsyncSocket.m */ = {isa = PBXFileReference; fileEncoding = 4; lastKnownFileType = sourcecode.c.objc; path = GCDAsyncSocket.m; sourceTree = "<group>"; };
		4ABD9E092150736B00CA5CD4 /* About.txt */ = {isa = PBXFileReference; fileEncoding = 4; lastKnownFileType = text; path = About.txt; sourceTree = "<group>"; };
		4ABD9E0A2150736B00CA5CD4 /* GCDAsyncSocket.h */ = {isa = PBXFileReference; fileEncoding = 4; lastKnownFileType = sourcecode.c.h; path = GCDAsyncSocket.h; sourceTree = "<group>"; };
		4ABD9E2C2150739700CA5CD4 /* WebServer.h */ = {isa = PBXFileReference; fileEncoding = 4; lastKnownFileType = sourcecode.c.h; path = WebServer.h; sourceTree = "<group>"; };
		4ABD9E2D2150739700CA5CD4 /* WebServer.m */ = {isa = PBXFileReference; fileEncoding = 4; lastKnownFileType = sourcecode.c.objc; path = WebServer.m; sourceTree = "<group>"; };
		4ABD9EAB21508BE200CA5CD4 /* SystemConfiguration.framework */ = {isa = PBXFileReference; lastKnownFileType = wrapper.framework; name = SystemConfiguration.framework; path = System/Library/Frameworks/SystemConfiguration.framework; sourceTree = SDKROOT; };
		4ADEC5702163D2CB0069274B /* libxml2.2.dylib */ = {isa = PBXFileReference; lastKnownFileType = "compiled.mach-o.dylib"; name = libxml2.2.dylib; path = ../../../../../../../usr/lib/libxml2.2.dylib; sourceTree = "<group>"; };
		4AEE9E6121E0A89900287C0A /* toabc.h */ = {isa = PBXFileReference; lastKnownFileType = sourcecode.c.h; path = toabc.h; sourceTree = "<group>"; };
		4AFD1E2F21A59566009924F4 /* MessageUI.framework */ = {isa = PBXFileReference; lastKnownFileType = wrapper.framework; name = MessageUI.framework; path = System/Library/Frameworks/MessageUI.framework; sourceTree = SDKROOT; };
/* End PBXFileReference section */

/* Begin PBXFrameworksBuildPhase section */
		4A2D7DB3214EBBCE005FB580 /* Frameworks */ = {
			isa = PBXFrameworksBuildPhase;
			buildActionMask = 2147483647;
			files = (
				4A70E403222DA7E3008BF2DB /* CoreGraphics.framework in Frameworks */,
				4A70E401222DA7D1008BF2DB /* QuartzCore.framework in Frameworks */,
				4A70E3FF222DA7BD008BF2DB /* CoreImage.framework in Frameworks */,
				4A70E3FD222DA7A2008BF2DB /* CoreText.framework in Frameworks */,
				4AFD1E3021A59566009924F4 /* MessageUI.framework in Frameworks */,
				4A20DCA9218B3DBE00EC3765 /* AudioToolbox.framework in Frameworks */,
				4A20DCA7218B3DB100EC3765 /* CoreMIDI.framework in Frameworks */,
				4A20DCA5218B3DA600EC3765 /* CoreAudio.framework in Frameworks */,
				4ADEC5712163D2CB0069274B /* libxml2.2.dylib in Frameworks */,
				4A473E51222DB2F4009F0B22 /* STPopup.framework in Frameworks */,
				4AD31CEB215C357400D3A910 /* UIKit.framework in Frameworks */,
				4A596582215C300300F226A5 /* Foundation.framework in Frameworks */,
				4A15A514215C2C9D00688610 /* WebKit.framework in Frameworks */,
			);
			runOnlyForDeploymentPostprocessing = 0;
		};
		4A2D7DCB214EBBCE005FB580 /* Frameworks */ = {
			isa = PBXFrameworksBuildPhase;
			buildActionMask = 2147483647;
			files = (
			);
			runOnlyForDeploymentPostprocessing = 0;
		};
		4A2D7DD6214EBBCF005FB580 /* Frameworks */ = {
			isa = PBXFrameworksBuildPhase;
			buildActionMask = 2147483647;
			files = (
			);
			runOnlyForDeploymentPostprocessing = 0;
		};
/* End PBXFrameworksBuildPhase section */

/* Begin PBXGroup section */
		4A2125FD218A10EE007EFE1D /* abc2midi */ = {
			isa = PBXGroup;
			children = (
				4A83B2A221DF984A0029EF0E /* toabc.c */,
				4AEE9E6121E0A89900287C0A /* toabc.h */,
				4A3C598B218A18AE00AD9A62 /* stresspat.c */,
				4A21260C218A11D0007EFE1D /* abc.h */,
				4A212605218A11AE007EFE1D /* genmidi.c */,
				4A212600218A11AC007EFE1D /* genmidi.h */,
				4A212603218A11AD007EFE1D /* midifile.c */,
				4A212602218A11AD007EFE1D /* midifile.h */,
				4A2125FE218A11AC007EFE1D /* parseabc.c */,
				4A2125FF218A11AC007EFE1D /* parseabc.h */,
				4A212606218A11AE007EFE1D /* parser2.c */,
				4A212604218A11AD007EFE1D /* parser2.h */,
				4A212601218A11AD007EFE1D /* store.c */,
				4A9FD8FD218A431E00DF03D1 /* store.h */,
				4A21260D218A13D3007EFE1D /* queues.c */,
				4A21260E218A13D3007EFE1D /* queues.h */,
			);
			path = abc2midi;
			sourceTree = "<group>";
		};
		4A2B94042152EB2E00AA3F7A /* Classes */ = {
			isa = PBXGroup;
			children = (
				4A74250A2163F281001C7466 /* utilities.h */,
				4A7425132163F281001C7466 /* utilities.m */,
				4A2B94082152EDD300AA3F7A /* arrayPicker.h */,
				4A2B94092152EDD300AA3F7A /* arrayPicker.m */,
				4A8C198C2164072C00134416 /* voiceHandler.h */,
				4A8C198A2164071F00134416 /* voiceHandler.m */,
				4A20DCAA218B3E0200EC3765 /* midiPlayer.h */,
				4A20DCAB218B3E0200EC3765 /* midiPlayer.m */,
			);
			path = Classes;
			sourceTree = "<group>";
		};
		4A2D7DAD214EBBCE005FB580 = {
			isa = PBXGroup;
			children = (
				4A2D7DB8214EBBCE005FB580 /* abConduct_iOS */,
				4A2D7DD1214EBBCE005FB580 /* abConduct_iOSTests */,
				4A2D7DDC214EBBCF005FB580 /* abConduct_iOSUITests */,
				4A2D7DB7214EBBCE005FB580 /* Products */,
				4A3A9B322150081E009757BC /* Frameworks */,
			);
			sourceTree = "<group>";
		};
		4A2D7DB7214EBBCE005FB580 /* Products */ = {
			isa = PBXGroup;
			children = (
				4A2D7DB6214EBBCE005FB580 /* abConduct_iOS.app */,
				4A2D7DCE214EBBCE005FB580 /* abConduct_iOSTests.xctest */,
				4A2D7DD9214EBBCF005FB580 /* abConduct_iOSUITests.xctest */,
			);
			name = Products;
			sourceTree = "<group>";
		};
		4A2D7DB8214EBBCE005FB580 /* abConduct_iOS */ = {
			isa = PBXGroup;
			children = (
				4A8F411321964216004B3C81 /* LineNumberTextView */,
				4A2125FD218A10EE007EFE1D /* abc2midi */,
				4A7425042163F281001C7466 /* abc2ps_iOS */,
				4A2B94042152EB2E00AA3F7A /* Classes */,
				4ABD9DC02150736B00CA5CD4 /* CocoaHTTPServer */,
				4A6743812150012400886D97 /* DefaultFiles */,
				4A2D7DB9214EBBCE005FB580 /* AppDelegate.h */,
				4A2D7DBA214EBBCE005FB580 /* AppDelegate.m */,
				4A2D7DBC214EBBCE005FB580 /* ViewController.h */,
				4A2D7DBD214EBBCE005FB580 /* ViewController.m */,
				4A2D7DBF214EBBCE005FB580 /* Main.storyboard */,
				4A2D7DC2214EBBCE005FB580 /* Assets.xcassets */,
				4A2D7DC4214EBBCE005FB580 /* LaunchScreen.storyboard */,
				4A2D7DC7214EBBCE005FB580 /* Info.plist */,
				4A2D7DC8214EBBCE005FB580 /* main.m */,
				4A4C07FA21CFA6AD00FCF89B /* decorations.txt */,
				4A9DBD7121D0F9DF000B3307 /* dynamics.txt */,
				4A9DBD7321D0FAFA000B3307 /* structure.txt */,
				4A30E55121F5A569000E4625 /* directives.txt */,
				4A47A8CA21D2BC0400B33A51 /* midiInstruments.txt */,
				4A70C11F21D3B4B5002A41F3 /* drummapSounds.txt */,
				4A6B2AAD21EFBAE6007F9CEA /* createFileViewController.h */,
				4A6B2AAE21EFBAE6007F9CEA /* createFileViewController.m */,
				4A66AB83222961CB00F5D1D8 /* loadFileViewController.h */,
				4A66AB84222961CB00F5D1D8 /* loadFileViewController.m */,
				4A473EF2222DCB6C009F0B22 /* exportViewController.h */,
				4A473EF3222DCB6C009F0B22 /* exportViewController.m */,
			);
			path = abConduct_iOS;
			sourceTree = "<group>";
		};
		4A2D7DD1214EBBCE005FB580 /* abConduct_iOSTests */ = {
			isa = PBXGroup;
			children = (
				4A2D7DD2214EBBCE005FB580 /* abConduct_iOSTests.m */,
				4A2D7DD4214EBBCF005FB580 /* Info.plist */,
			);
			path = abConduct_iOSTests;
			sourceTree = "<group>";
		};
		4A2D7DDC214EBBCF005FB580 /* abConduct_iOSUITests */ = {
			isa = PBXGroup;
			children = (
				4A2D7DDD214EBBCF005FB580 /* abConduct_iOSUITests.m */,
				4A2D7DDF214EBBCF005FB580 /* Info.plist */,
			);
			path = abConduct_iOSUITests;
			sourceTree = "<group>";
		};
		4A3A9B322150081E009757BC /* Frameworks */ = {
			isa = PBXGroup;
			children = (
				4A473EEB222DB6C1009F0B22 /* CocoaLumberjack.framework */,
				4A473E4F222DB2D4009F0B22 /* STPopup.framework */,
				4A70E402222DA7E2008BF2DB /* CoreGraphics.framework */,
				4A70E400222DA7D1008BF2DB /* QuartzCore.framework */,
				4A70E3FE222DA7BD008BF2DB /* CoreImage.framework */,
				4A70E3FC222DA7A2008BF2DB /* CoreText.framework */,
				4AFD1E2F21A59566009924F4 /* MessageUI.framework */,
				4A20DCA8218B3DBE00EC3765 /* AudioToolbox.framework */,
				4A20DCA6218B3DB100EC3765 /* CoreMIDI.framework */,
				4A20DCA4218B3DA600EC3765 /* CoreAudio.framework */,
				4ADEC5702163D2CB0069274B /* libxml2.2.dylib */,
				4A596581215C300300F226A5 /* Foundation.framework */,
				4ABCD482215BDBDE000A6A53 /* UIKit.framework */,
				4ABD9EAB21508BE200CA5CD4 /* SystemConfiguration.framework */,
				4A3A9B332150081E009757BC /* WebKit.framework */,
			);
			name = Frameworks;
			sourceTree = "<group>";
		};
		4A7425042163F281001C7466 /* abc2ps_iOS */ = {
			isa = PBXGroup;
			children = (
				4A7425052163F281001C7466 /* abcparse.c */,
				4A7425062163F281001C7466 /* buffer.c */,
				4A7425072163F281001C7466 /* config.h */,
				4A7425082163F281001C7466 /* format.c */,
				4A7425092163F281001C7466 /* abcm2ps.c */,
				4A9FD8FF218A43D800DF03D1 /* abcm2ps.h */,
				4A74250B2163F281001C7466 /* draw.c */,
				4A74250C2163F281001C7466 /* glyph.c */,
				4A74250E2163F281001C7466 /* subs.c */,
				4A74250F2163F281001C7466 /* deco.c */,
				4A7425102163F281001C7466 /* music.c */,
				4A7425112163F281001C7466 /* front.c */,
				4A7425142163F281001C7466 /* parse.c */,
				4A7425172163F281001C7466 /* syms.c */,
				4A7425192163F281001C7466 /* svg.c */,
			);
			path = abc2ps_iOS;
			sourceTree = "<group>";
		};
		4A8F411321964216004B3C81 /* LineNumberTextView */ = {
			isa = PBXGroup;
			children = (
				4A8F411421964216004B3C81 /* LineNumberLayoutManager.h */,
				4A8F411521964216004B3C81 /* LineNumberLayoutManager.m */,
				4A8F411621964216004B3C81 /* LineNumberTextView.h */,
				4A8F411721964216004B3C81 /* LineNumberTextView.m */,
				4A8F411821964216004B3C81 /* LineNumberTextViewWrapper.h */,
				4A8F411921964216004B3C81 /* LineNumberTextViewWrapper.m */,
			);
			path = LineNumberTextView;
			sourceTree = "<group>";
		};
		4ABD9DC02150736B00CA5CD4 /* CocoaHTTPServer */ = {
			isa = PBXGroup;
			children = (
				4A7A504F215117A900B01095 /* Reachability.h */,
				4A7A504E215117A900B01095 /* Reachability.m */,
				4ABD9E2C2150739700CA5CD4 /* WebServer.h */,
				4ABD9E2D2150739700CA5CD4 /* WebServer.m */,
				4ABD9DC12150736B00CA5CD4 /* Core */,
				4ABD9DE92150736B00CA5CD4 /* Extensions */,
				4ABD9DF32150736B00CA5CD4 /* LICENSE.txt */,
				4ABD9DF42150736B00CA5CD4 /* Vendor */,
			);
			path = CocoaHTTPServer;
			sourceTree = "<group>";
		};
		4ABD9DC12150736B00CA5CD4 /* Core */ = {
			isa = PBXGroup;
			children = (
				4ABD9DC22150736B00CA5CD4 /* HTTPConnection.h */,
				4ABD9DC32150736B00CA5CD4 /* HTTPLogging.h */,
				4ABD9DC42150736B00CA5CD4 /* HTTPMessage.h */,
				4ABD9DC52150736B00CA5CD4 /* WebSocket.h */,
				4ABD9DC62150736B00CA5CD4 /* HTTPAuthenticationRequest.h */,
				4ABD9DC72150736B00CA5CD4 /* Responses */,
				4ABD9DD42150736B00CA5CD4 /* HTTPServer.h */,
				4ABD9DD52150736B00CA5CD4 /* HTTPMessage.m */,
				4ABD9DD62150736B00CA5CD4 /* HTTPConnection.m */,
				4ABD9DD72150736B00CA5CD4 /* WebSocket.m */,
				4ABD9DD82150736B00CA5CD4 /* HTTPResponse.h */,
				4ABD9DD92150736B00CA5CD4 /* Mime */,
				4ABD9DE02150736B00CA5CD4 /* HTTPAuthenticationRequest.m */,
				4ABD9DE12150736B00CA5CD4 /* Categories */,
				4ABD9DE82150736B00CA5CD4 /* HTTPServer.m */,
			);
			path = Core;
			sourceTree = "<group>";
		};
		4ABD9DC72150736B00CA5CD4 /* Responses */ = {
			isa = PBXGroup;
			children = (
				4ABD9DC82150736B00CA5CD4 /* HTTPAsyncFileResponse.h */,
				4ABD9DC92150736B00CA5CD4 /* HTTPErrorResponse.m */,
				4ABD9DCA2150736B00CA5CD4 /* HTTPDataResponse.m */,
				4ABD9DCB2150736B00CA5CD4 /* HTTPRedirectResponse.h */,
				4ABD9DCC2150736B00CA5CD4 /* HTTPDynamicFileResponse.m */,
				4ABD9DCD2150736B00CA5CD4 /* HTTPFileResponse.m */,
				4ABD9DCE2150736B00CA5CD4 /* HTTPAsyncFileResponse.m */,
				4ABD9DCF2150736B00CA5CD4 /* HTTPRedirectResponse.m */,
				4ABD9DD02150736B00CA5CD4 /* HTTPDataResponse.h */,
				4ABD9DD12150736B00CA5CD4 /* HTTPErrorResponse.h */,
				4ABD9DD22150736B00CA5CD4 /* HTTPFileResponse.h */,
				4ABD9DD32150736B00CA5CD4 /* HTTPDynamicFileResponse.h */,
			);
			path = Responses;
			sourceTree = "<group>";
		};
		4ABD9DD92150736B00CA5CD4 /* Mime */ = {
			isa = PBXGroup;
			children = (
				4ABD9DDA2150736B00CA5CD4 /* MultipartFormDataParser.h */,
				4ABD9DDB2150736B00CA5CD4 /* MultipartMessageHeader.h */,
				4ABD9DDC2150736B00CA5CD4 /* MultipartMessageHeaderField.m */,
				4ABD9DDD2150736B00CA5CD4 /* MultipartFormDataParser.m */,
				4ABD9DDE2150736B00CA5CD4 /* MultipartMessageHeader.m */,
				4ABD9DDF2150736B00CA5CD4 /* MultipartMessageHeaderField.h */,
			);
			path = Mime;
			sourceTree = "<group>";
		};
		4ABD9DE12150736B00CA5CD4 /* Categories */ = {
			isa = PBXGroup;
			children = (
				4ABD9DE22150736B00CA5CD4 /* DDNumber.m */,
				4ABD9DE32150736B00CA5CD4 /* DDData.m */,
				4ABD9DE42150736B00CA5CD4 /* DDRange.h */,
				4ABD9DE52150736B00CA5CD4 /* DDNumber.h */,
				4ABD9DE62150736B00CA5CD4 /* DDRange.m */,
				4ABD9DE72150736B00CA5CD4 /* DDData.h */,
			);
			path = Categories;
			sourceTree = "<group>";
		};
		4ABD9DE92150736B00CA5CD4 /* Extensions */ = {
			isa = PBXGroup;
			children = (
				4ABD9DEA2150736B00CA5CD4 /* WebDAV */,
			);
			path = Extensions;
			sourceTree = "<group>";
		};
		4ABD9DEA2150736B00CA5CD4 /* WebDAV */ = {
			isa = PBXGroup;
			children = (
				4ABD9DEB2150736B00CA5CD4 /* DAVConnection.m */,
				4ABD9DEC2150736B00CA5CD4 /* DAVResponse.h */,
				4ABD9DED2150736B00CA5CD4 /* DELETEResponse.m */,
				4ABD9DEE2150736B00CA5CD4 /* PUTResponse.h */,
				4ABD9DEF2150736B00CA5CD4 /* DAVConnection.h */,
				4ABD9DF02150736B00CA5CD4 /* DAVResponse.m */,
				4ABD9DF12150736B00CA5CD4 /* PUTResponse.m */,
				4ABD9DF22150736B00CA5CD4 /* DELETEResponse.h */,
			);
			path = WebDAV;
			sourceTree = "<group>";
		};
		4ABD9DF42150736B00CA5CD4 /* Vendor */ = {
			isa = PBXGroup;
			children = (
				4ABD9DF52150736B00CA5CD4 /* CocoaLumberjack */,
				4ABD9E072150736B00CA5CD4 /* CocoaAsyncSocket */,
			);
			path = Vendor;
			sourceTree = "<group>";
		};
		4ABD9DF52150736B00CA5CD4 /* CocoaLumberjack */ = {
			isa = PBXGroup;
			children = (
				4ABD9DF62150736B00CA5CD4 /* DDTTYLogger.m */,
				4ABD9DF72150736B00CA5CD4 /* DDLog.h */,
				4ABD9DF82150736B00CA5CD4 /* DDAbstractDatabaseLogger.h */,
				4ABD9DF92150736B00CA5CD4 /* DDASLLogger.m */,
				4ABD9DFA2150736B00CA5CD4 /* DDFileLogger.h */,
				4ABD9DFB2150736B00CA5CD4 /* Extensions */,
				4ABD9E012150736B00CA5CD4 /* DDLog.m */,
				4ABD9E022150736B00CA5CD4 /* About.txt */,
				4ABD9E032150736B00CA5CD4 /* DDTTYLogger.h */,
				4ABD9E042150736B00CA5CD4 /* DDAbstractDatabaseLogger.m */,
				4ABD9E052150736B00CA5CD4 /* DDFileLogger.m */,
				4ABD9E062150736B00CA5CD4 /* DDASLLogger.h */,
			);
			path = CocoaLumberjack;
			sourceTree = "<group>";
		};
		4ABD9DFB2150736B00CA5CD4 /* Extensions */ = {
			isa = PBXGroup;
			children = (
				4ABD9DFC2150736B00CA5CD4 /* ContextFilterLogFormatter.h */,
				4ABD9DFD2150736B00CA5CD4 /* DispatchQueueLogFormatter.h */,
				4ABD9DFE2150736B00CA5CD4 /* ContextFilterLogFormatter.m */,
				4ABD9DFF2150736B00CA5CD4 /* DispatchQueueLogFormatter.m */,
				4ABD9E002150736B00CA5CD4 /* README.txt */,
			);
			path = Extensions;
			sourceTree = "<group>";
		};
		4ABD9E072150736B00CA5CD4 /* CocoaAsyncSocket */ = {
			isa = PBXGroup;
			children = (
				4ABD9E082150736B00CA5CD4 /* GCDAsyncSocket.m */,
				4ABD9E092150736B00CA5CD4 /* About.txt */,
				4ABD9E0A2150736B00CA5CD4 /* GCDAsyncSocket.h */,
			);
			path = CocoaAsyncSocket;
			sourceTree = "<group>";
		};
/* End PBXGroup section */

/* Begin PBXNativeTarget section */
		4A2D7DB5214EBBCE005FB580 /* abConduct_iOS */ = {
			isa = PBXNativeTarget;
			buildConfigurationList = 4A2D7DE2214EBBCF005FB580 /* Build configuration list for PBXNativeTarget "abConduct_iOS" */;
			buildPhases = (
				4A2D7DB2214EBBCE005FB580 /* Sources */,
				4A2D7DB3214EBBCE005FB580 /* Frameworks */,
				4A2D7DB4214EBBCE005FB580 /* Resources */,
				4AFCCA872156BDF5007A8098 /* Embed Frameworks */,
			);
			buildRules = (
			);
			dependencies = (
			);
			name = abConduct_iOS;
			productName = abConduct_iOS;
			productReference = 4A2D7DB6214EBBCE005FB580 /* abConduct_iOS.app */;
			productType = "com.apple.product-type.application";
		};
		4A2D7DCD214EBBCE005FB580 /* abConduct_iOSTests */ = {
			isa = PBXNativeTarget;
			buildConfigurationList = 4A2D7DE5214EBBCF005FB580 /* Build configuration list for PBXNativeTarget "abConduct_iOSTests" */;
			buildPhases = (
				4A2D7DCA214EBBCE005FB580 /* Sources */,
				4A2D7DCB214EBBCE005FB580 /* Frameworks */,
				4A2D7DCC214EBBCE005FB580 /* Resources */,
			);
			buildRules = (
			);
			dependencies = (
				4A2D7DD0214EBBCE005FB580 /* PBXTargetDependency */,
			);
			name = abConduct_iOSTests;
			productName = abConduct_iOSTests;
			productReference = 4A2D7DCE214EBBCE005FB580 /* abConduct_iOSTests.xctest */;
			productType = "com.apple.product-type.bundle.unit-test";
		};
		4A2D7DD8214EBBCF005FB580 /* abConduct_iOSUITests */ = {
			isa = PBXNativeTarget;
			buildConfigurationList = 4A2D7DE8214EBBCF005FB580 /* Build configuration list for PBXNativeTarget "abConduct_iOSUITests" */;
			buildPhases = (
				4A2D7DD5214EBBCF005FB580 /* Sources */,
				4A2D7DD6214EBBCF005FB580 /* Frameworks */,
				4A2D7DD7214EBBCF005FB580 /* Resources */,
			);
			buildRules = (
			);
			dependencies = (
				4A2D7DDB214EBBCF005FB580 /* PBXTargetDependency */,
			);
			name = abConduct_iOSUITests;
			productName = abConduct_iOSUITests;
			productReference = 4A2D7DD9214EBBCF005FB580 /* abConduct_iOSUITests.xctest */;
			productType = "com.apple.product-type.bundle.ui-testing";
		};
/* End PBXNativeTarget section */

/* Begin PBXProject section */
		4A2D7DAE214EBBCE005FB580 /* Project object */ = {
			isa = PBXProject;
			attributes = {
				LastUpgradeCheck = 0940;
				ORGANIZATIONNAME = "Reinhard Sasse";
				TargetAttributes = {
					4A2D7DB5214EBBCE005FB580 = {
						CreatedOnToolsVersion = 9.4.1;
						DevelopmentTeam = CGK42Y67HV;
						ProvisioningStyle = Automatic;
					};
					4A2D7DCD214EBBCE005FB580 = {
						CreatedOnToolsVersion = 9.4.1;
						DevelopmentTeam = CGK42Y67HV;
						ProvisioningStyle = Automatic;
						TestTargetID = 4A2D7DB5214EBBCE005FB580;
					};
					4A2D7DD8214EBBCF005FB580 = {
						CreatedOnToolsVersion = 9.4.1;
						DevelopmentTeam = CGK42Y67HV;
						ProvisioningStyle = Automatic;
						TestTargetID = 4A2D7DB5214EBBCE005FB580;
					};
				};
			};
			buildConfigurationList = 4A2D7DB1214EBBCE005FB580 /* Build configuration list for PBXProject "abConduct_iOS" */;
			compatibilityVersion = "Xcode 6.3";
			developmentRegion = en;
			hasScannedForEncodings = 0;
			knownRegions = (
				en,
				Base,
			);
			mainGroup = 4A2D7DAD214EBBCE005FB580;
			productRefGroup = 4A2D7DB7214EBBCE005FB580 /* Products */;
			projectDirPath = "";
			projectRoot = "";
			targets = (
				4A2D7DB5214EBBCE005FB580 /* abConduct_iOS */,
				4A2D7DCD214EBBCE005FB580 /* abConduct_iOSTests */,
				4A2D7DD8214EBBCF005FB580 /* abConduct_iOSUITests */,
			);
		};
/* End PBXProject section */

/* Begin PBXResourcesBuildPhase section */
		4A2D7DB4214EBBCE005FB580 /* Resources */ = {
			isa = PBXResourcesBuildPhase;
			buildActionMask = 2147483647;
			files = (
				4A9DBD7421D0FAFA000B3307 /* structure.txt in Resources */,
				4A4C07FB21CFA6AD00FCF89B /* decorations.txt in Resources */,
				4A9DBD7221D0F9DF000B3307 /* dynamics.txt in Resources */,
				4A01846921A73E20008455BF /* Main.storyboard in Resources */,
				4ABD9E2B2150736C00CA5CD4 /* About.txt in Resources */,
				4A70C12021D3B4B5002A41F3 /* drummapSounds.txt in Resources */,
				4ABD9E202150736C00CA5CD4 /* LICENSE.txt in Resources */,
				4A30E55221F5A569000E4625 /* directives.txt in Resources */,
				4A6743822150012400886D97 /* DefaultFiles in Resources */,
				4A2D7DC6214EBBCE005FB580 /* LaunchScreen.storyboard in Resources */,
				4A2D7DC3214EBBCE005FB580 /* Assets.xcassets in Resources */,
				4A47A8CB21D2BC0400B33A51 /* midiInstruments.txt in Resources */,
				4ABD9E252150736C00CA5CD4 /* README.txt in Resources */,
			);
			runOnlyForDeploymentPostprocessing = 0;
		};
		4A2D7DCC214EBBCE005FB580 /* Resources */ = {
			isa = PBXResourcesBuildPhase;
			buildActionMask = 2147483647;
			files = (
			);
			runOnlyForDeploymentPostprocessing = 0;
		};
		4A2D7DD7214EBBCF005FB580 /* Resources */ = {
			isa = PBXResourcesBuildPhase;
			buildActionMask = 2147483647;
			files = (
			);
			runOnlyForDeploymentPostprocessing = 0;
		};
/* End PBXResourcesBuildPhase section */

/* Begin PBXSourcesBuildPhase section */
		4A2D7DB2214EBBCE005FB580 /* Sources */ = {
			isa = PBXSourcesBuildPhase;
			buildActionMask = 2147483647;
			files = (
				4ABD9E2A2150736C00CA5CD4 /* GCDAsyncSocket.m in Sources */,
				4A2B940A2152EDD300AA3F7A /* arrayPicker.m in Sources */,
				4A7425272163F282001C7466 /* syms.c in Sources */,
				4ABD9E162150736C00CA5CD4 /* MultipartMessageHeader.m in Sources */,
				4A7425262163F282001C7466 /* parse.c in Sources */,
				4A7425232163F282001C7466 /* music.c in Sources */,
				4A7425292163F282001C7466 /* svg.c in Sources */,
				4A2D7DBE214EBBCE005FB580 /* ViewController.m in Sources */,
				4ABD9E142150736C00CA5CD4 /* MultipartMessageHeaderField.m in Sources */,
				4A74251E2163F282001C7466 /* draw.c in Sources */,
				4ABD9E192150736C00CA5CD4 /* DDData.m in Sources */,
				4A74251C2163F282001C7466 /* format.c in Sources */,
				4A2D7DC9214EBBCE005FB580 /* main.m in Sources */,
				4ABD9E0D2150736C00CA5CD4 /* HTTPDynamicFileResponse.m in Sources */,
				4A7425222163F282001C7466 /* deco.c in Sources */,
				4ABD9E0E2150736C00CA5CD4 /* HTTPFileResponse.m in Sources */,
				4A2D7DBB214EBBCE005FB580 /* AppDelegate.m in Sources */,
				4ABD9E1F2150736C00CA5CD4 /* PUTResponse.m in Sources */,
				4A473EF4222DCB6C009F0B22 /* exportViewController.m in Sources */,
				4ABD9E132150736C00CA5CD4 /* WebSocket.m in Sources */,
				4A20DCAC218B3E0200EC3765 /* midiPlayer.m in Sources */,
				4A74251B2163F282001C7466 /* buffer.c in Sources */,
				4ABD9E2E2150739800CA5CD4 /* WebServer.m in Sources */,
				4A212609218A11AE007EFE1D /* midifile.c in Sources */,
				4ABD9E222150736C00CA5CD4 /* DDASLLogger.m in Sources */,
				4A7425252163F282001C7466 /* utilities.m in Sources */,
				4ABD9E152150736C00CA5CD4 /* MultipartFormDataParser.m in Sources */,
				4ABD9E212150736C00CA5CD4 /* DDTTYLogger.m in Sources */,
				4ABD9E0C2150736C00CA5CD4 /* HTTPDataResponse.m in Sources */,
				4A7A5050215117A900B01095 /* Reachability.m in Sources */,
				4ABD9E282150736C00CA5CD4 /* DDAbstractDatabaseLogger.m in Sources */,
				4A21260B218A11AE007EFE1D /* parser2.c in Sources */,
				4ABD9E122150736C00CA5CD4 /* HTTPConnection.m in Sources */,
				4ABD9E0B2150736C00CA5CD4 /* HTTPErrorResponse.m in Sources */,
				4A3C598C218A18AE00AD9A62 /* stresspat.c in Sources */,
				4A74251D2163F282001C7466 /* abcm2ps.c in Sources */,
				4ABD9E1E2150736C00CA5CD4 /* DAVResponse.m in Sources */,
				4ABD9E1A2150736C00CA5CD4 /* DDRange.m in Sources */,
				4ABD9E1C2150736C00CA5CD4 /* DAVConnection.m in Sources */,
				4ABD9E292150736C00CA5CD4 /* DDFileLogger.m in Sources */,
				4ABD9E262150736C00CA5CD4 /* DDLog.m in Sources */,
				4A21260A218A11AE007EFE1D /* genmidi.c in Sources */,
				4ABD9E1B2150736C00CA5CD4 /* HTTPServer.m in Sources */,
				4ABD9E182150736C00CA5CD4 /* DDNumber.m in Sources */,
				4A7425242163F282001C7466 /* front.c in Sources */,
				4A8C198B2164071F00134416 /* voiceHandler.m in Sources */,
				4ABD9E112150736C00CA5CD4 /* HTTPMessage.m in Sources */,
				4A7425212163F282001C7466 /* subs.c in Sources */,
				4ABD9E0F2150736C00CA5CD4 /* HTTPAsyncFileResponse.m in Sources */,
				4A8F411A21964217004B3C81 /* LineNumberLayoutManager.m in Sources */,
				4ABD9E102150736C00CA5CD4 /* HTTPRedirectResponse.m in Sources */,
				4ABD9E172150736C00CA5CD4 /* HTTPAuthenticationRequest.m in Sources */,
				4A212608218A11AE007EFE1D /* store.c in Sources */,
				4A6B2AAF21EFBAE6007F9CEA /* createFileViewController.m in Sources */,
				4A8F411C21964217004B3C81 /* LineNumberTextViewWrapper.m in Sources */,
				4A66AB85222961CB00F5D1D8 /* loadFileViewController.m in Sources */,
				4A21260F218A13D3007EFE1D /* queues.c in Sources */,
				4A74251F2163F282001C7466 /* glyph.c in Sources */,
				4A74251A2163F282001C7466 /* abcparse.c in Sources */,
				4ABD9E242150736C00CA5CD4 /* DispatchQueueLogFormatter.m in Sources */,
				4A8F411B21964217004B3C81 /* LineNumberTextView.m in Sources */,
				4ABD9E1D2150736C00CA5CD4 /* DELETEResponse.m in Sources */,
				4ABD9E232150736C00CA5CD4 /* ContextFilterLogFormatter.m in Sources */,
				4A212607218A11AE007EFE1D /* parseabc.c in Sources */,
			);
			runOnlyForDeploymentPostprocessing = 0;
		};
		4A2D7DCA214EBBCE005FB580 /* Sources */ = {
			isa = PBXSourcesBuildPhase;
			buildActionMask = 2147483647;
			files = (
				4A2D7DD3214EBBCE005FB580 /* abConduct_iOSTests.m in Sources */,
			);
			runOnlyForDeploymentPostprocessing = 0;
		};
		4A2D7DD5214EBBCF005FB580 /* Sources */ = {
			isa = PBXSourcesBuildPhase;
			buildActionMask = 2147483647;
			files = (
				4A2D7DDE214EBBCF005FB580 /* abConduct_iOSUITests.m in Sources */,
			);
			runOnlyForDeploymentPostprocessing = 0;
		};
/* End PBXSourcesBuildPhase section */

/* Begin PBXTargetDependency section */
		4A2D7DD0214EBBCE005FB580 /* PBXTargetDependency */ = {
			isa = PBXTargetDependency;
			target = 4A2D7DB5214EBBCE005FB580 /* abConduct_iOS */;
			targetProxy = 4A2D7DCF214EBBCE005FB580 /* PBXContainerItemProxy */;
		};
		4A2D7DDB214EBBCF005FB580 /* PBXTargetDependency */ = {
			isa = PBXTargetDependency;
			target = 4A2D7DB5214EBBCE005FB580 /* abConduct_iOS */;
			targetProxy = 4A2D7DDA214EBBCF005FB580 /* PBXContainerItemProxy */;
		};
/* End PBXTargetDependency section */

/* Begin PBXVariantGroup section */
		4A2D7DBF214EBBCE005FB580 /* Main.storyboard */ = {
			isa = PBXVariantGroup;
			children = (
				4A2D7DC0214EBBCE005FB580 /* Base */,
			);
			name = Main.storyboard;
			sourceTree = "<group>";
		};
		4A2D7DC4214EBBCE005FB580 /* LaunchScreen.storyboard */ = {
			isa = PBXVariantGroup;
			children = (
				4A2D7DC5214EBBCE005FB580 /* Base */,
			);
			name = LaunchScreen.storyboard;
			sourceTree = "<group>";
		};
/* End PBXVariantGroup section */

/* Begin XCBuildConfiguration section */
		4A2D7DE0214EBBCF005FB580 /* Debug */ = {
			isa = XCBuildConfiguration;
			buildSettings = {
				ALWAYS_SEARCH_USER_PATHS = NO;
				CLANG_ANALYZER_NONNULL = YES;
				CLANG_ANALYZER_NUMBER_OBJECT_CONVERSION = YES_AGGRESSIVE;
				CLANG_CXX_LANGUAGE_STANDARD = "gnu++14";
				CLANG_CXX_LIBRARY = "libc++";
				CLANG_ENABLE_MODULES = YES;
				CLANG_ENABLE_OBJC_ARC = YES;
				CLANG_ENABLE_OBJC_WEAK = YES;
				CLANG_WARN_BLOCK_CAPTURE_AUTORELEASING = YES;
				CLANG_WARN_BOOL_CONVERSION = YES;
				CLANG_WARN_COMMA = YES;
				CLANG_WARN_CONSTANT_CONVERSION = YES;
				CLANG_WARN_DEPRECATED_OBJC_IMPLEMENTATIONS = YES;
				CLANG_WARN_DIRECT_OBJC_ISA_USAGE = YES_ERROR;
				CLANG_WARN_DOCUMENTATION_COMMENTS = YES;
				CLANG_WARN_EMPTY_BODY = YES;
				CLANG_WARN_ENUM_CONVERSION = YES;
				CLANG_WARN_INFINITE_RECURSION = YES;
				CLANG_WARN_INT_CONVERSION = YES;
				CLANG_WARN_NON_LITERAL_NULL_CONVERSION = YES;
				CLANG_WARN_OBJC_IMPLICIT_RETAIN_SELF = YES;
				CLANG_WARN_OBJC_LITERAL_CONVERSION = YES;
				CLANG_WARN_OBJC_ROOT_CLASS = YES_ERROR;
				CLANG_WARN_RANGE_LOOP_ANALYSIS = YES;
				CLANG_WARN_STRICT_PROTOTYPES = YES;
				CLANG_WARN_SUSPICIOUS_MOVE = YES;
				CLANG_WARN_UNGUARDED_AVAILABILITY = YES_AGGRESSIVE;
				CLANG_WARN_UNREACHABLE_CODE = YES;
				CLANG_WARN__DUPLICATE_METHOD_MATCH = YES;
				CODE_SIGN_IDENTITY = "iPhone Developer";
				COPY_PHASE_STRIP = NO;
				DEBUG_INFORMATION_FORMAT = dwarf;
				ENABLE_STRICT_OBJC_MSGSEND = YES;
				ENABLE_TESTABILITY = YES;
				GCC_C_LANGUAGE_STANDARD = gnu11;
				GCC_DYNAMIC_NO_PIC = NO;
				GCC_NO_COMMON_BLOCKS = YES;
				GCC_OPTIMIZATION_LEVEL = 0;
				GCC_PREPROCESSOR_DEFINITIONS = (
					"DEBUG=1",
					"$(inherited)",
				);
				GCC_WARN_64_TO_32_BIT_CONVERSION = YES;
				GCC_WARN_ABOUT_RETURN_TYPE = YES_ERROR;
				GCC_WARN_UNDECLARED_SELECTOR = YES;
				GCC_WARN_UNINITIALIZED_AUTOS = YES_AGGRESSIVE;
				GCC_WARN_UNUSED_FUNCTION = YES;
				GCC_WARN_UNUSED_VARIABLE = YES;
				HEADER_SEARCH_PATHS = "$(SDKROOT)/usr/include/libxml2";
				IPHONEOS_DEPLOYMENT_TARGET = 11.4;
				MTL_ENABLE_DEBUG_INFO = YES;
				ONLY_ACTIVE_ARCH = YES;
				OTHER_LDFLAGS = "";
				SDKROOT = iphoneos;
				USER_HEADER_SEARCH_PATHS = "";
			};
			name = Debug;
		};
		4A2D7DE1214EBBCF005FB580 /* Release */ = {
			isa = XCBuildConfiguration;
			buildSettings = {
				ALWAYS_SEARCH_USER_PATHS = NO;
				CLANG_ANALYZER_NONNULL = YES;
				CLANG_ANALYZER_NUMBER_OBJECT_CONVERSION = YES_AGGRESSIVE;
				CLANG_CXX_LANGUAGE_STANDARD = "gnu++14";
				CLANG_CXX_LIBRARY = "libc++";
				CLANG_ENABLE_MODULES = YES;
				CLANG_ENABLE_OBJC_ARC = YES;
				CLANG_ENABLE_OBJC_WEAK = YES;
				CLANG_WARN_BLOCK_CAPTURE_AUTORELEASING = YES;
				CLANG_WARN_BOOL_CONVERSION = YES;
				CLANG_WARN_COMMA = YES;
				CLANG_WARN_CONSTANT_CONVERSION = YES;
				CLANG_WARN_DEPRECATED_OBJC_IMPLEMENTATIONS = YES;
				CLANG_WARN_DIRECT_OBJC_ISA_USAGE = YES_ERROR;
				CLANG_WARN_DOCUMENTATION_COMMENTS = YES;
				CLANG_WARN_EMPTY_BODY = YES;
				CLANG_WARN_ENUM_CONVERSION = YES;
				CLANG_WARN_INFINITE_RECURSION = YES;
				CLANG_WARN_INT_CONVERSION = YES;
				CLANG_WARN_NON_LITERAL_NULL_CONVERSION = YES;
				CLANG_WARN_OBJC_IMPLICIT_RETAIN_SELF = YES;
				CLANG_WARN_OBJC_LITERAL_CONVERSION = YES;
				CLANG_WARN_OBJC_ROOT_CLASS = YES_ERROR;
				CLANG_WARN_RANGE_LOOP_ANALYSIS = YES;
				CLANG_WARN_STRICT_PROTOTYPES = YES;
				CLANG_WARN_SUSPICIOUS_MOVE = YES;
				CLANG_WARN_UNGUARDED_AVAILABILITY = YES_AGGRESSIVE;
				CLANG_WARN_UNREACHABLE_CODE = YES;
				CLANG_WARN__DUPLICATE_METHOD_MATCH = YES;
				CODE_SIGN_IDENTITY = "iPhone Developer";
				COPY_PHASE_STRIP = NO;
				DEBUG_INFORMATION_FORMAT = "dwarf-with-dsym";
				ENABLE_NS_ASSERTIONS = NO;
				ENABLE_STRICT_OBJC_MSGSEND = YES;
				GCC_C_LANGUAGE_STANDARD = gnu11;
				GCC_NO_COMMON_BLOCKS = YES;
				GCC_WARN_64_TO_32_BIT_CONVERSION = YES;
				GCC_WARN_ABOUT_RETURN_TYPE = YES_ERROR;
				GCC_WARN_UNDECLARED_SELECTOR = YES;
				GCC_WARN_UNINITIALIZED_AUTOS = YES_AGGRESSIVE;
				GCC_WARN_UNUSED_FUNCTION = YES;
				GCC_WARN_UNUSED_VARIABLE = YES;
				HEADER_SEARCH_PATHS = "$(SDKROOT)/usr/include/libxml2";
				IPHONEOS_DEPLOYMENT_TARGET = 11.4;
				MTL_ENABLE_DEBUG_INFO = NO;
				OTHER_LDFLAGS = "";
				SDKROOT = iphoneos;
				USER_HEADER_SEARCH_PATHS = "";
				VALIDATE_PRODUCT = YES;
			};
			name = Release;
		};
		4A2D7DE3214EBBCF005FB580 /* Debug */ = {
			isa = XCBuildConfiguration;
			buildSettings = {
				ASSETCATALOG_COMPILER_APPICON_NAME = AppIcon;
				CODE_SIGN_STYLE = Automatic;
				DEVELOPMENT_TEAM = CGK42Y67HV;
				ENABLE_BITCODE = NO;
				FRAMEWORK_SEARCH_PATHS = (
					"$(inherited)",
					"$(PROJECT_DIR)",
				);
				GCC_VERSION = "";
				INFOPLIST_FILE = abConduct_iOS/Info.plist;
				IPHONEOS_DEPLOYMENT_TARGET = 8.0;
				LD_RUNPATH_SEARCH_PATHS = "$(inherited) @executable_path/Frameworks";
				LIBRARY_SEARCH_PATHS = (
					"$(inherited)",
					"$(PROJECT_DIR)/abConduct_iOS",
					"$(PROJECT_DIR)/abConduct_iOS/SVGKit",
				);
				"OTHER_LDFLAGS[arch=*]" = "";
				PRODUCT_BUNDLE_IDENTIFIER = "com.reinissance.abConduct-iOS";
				PRODUCT_NAME = "$(TARGET_NAME)";
				TARGETED_DEVICE_FAMILY = "1,2";
				USER_HEADER_SEARCH_PATHS = "";
			};
			name = Debug;
		};
		4A2D7DE4214EBBCF005FB580 /* Release */ = {
			isa = XCBuildConfiguration;
			buildSettings = {
				ASSETCATALOG_COMPILER_APPICON_NAME = AppIcon;
				CODE_SIGN_STYLE = Automatic;
				DEVELOPMENT_TEAM = CGK42Y67HV;
				ENABLE_BITCODE = NO;
				FRAMEWORK_SEARCH_PATHS = (
					"$(inherited)",
					"$(PROJECT_DIR)",
				);
				GCC_VERSION = "";
				INFOPLIST_FILE = abConduct_iOS/Info.plist;
				IPHONEOS_DEPLOYMENT_TARGET = 8.0;
				LD_RUNPATH_SEARCH_PATHS = "$(inherited) @executable_path/Frameworks";
				LIBRARY_SEARCH_PATHS = (
					"$(inherited)",
					"$(PROJECT_DIR)/abConduct_iOS",
					"$(PROJECT_DIR)/abConduct_iOS/SVGKit",
				);
				PRODUCT_BUNDLE_IDENTIFIER = "com.reinissance.abConduct-iOS";
				PRODUCT_NAME = "$(TARGET_NAME)";
				TARGETED_DEVICE_FAMILY = "1,2";
				USER_HEADER_SEARCH_PATHS = "";
			};
			name = Release;
		};
		4A2D7DE6214EBBCF005FB580 /* Debug */ = {
			isa = XCBuildConfiguration;
			buildSettings = {
				BUNDLE_LOADER = "$(TEST_HOST)";
				CODE_SIGN_STYLE = Automatic;
				DEVELOPMENT_TEAM = CGK42Y67HV;
				INFOPLIST_FILE = abConduct_iOSTests/Info.plist;
				LD_RUNPATH_SEARCH_PATHS = "$(inherited) @executable_path/Frameworks @loader_path/Frameworks";
				PRODUCT_BUNDLE_IDENTIFIER = "com.reinissance.abConduct-iOSTests";
				PRODUCT_NAME = "$(TARGET_NAME)";
				TARGETED_DEVICE_FAMILY = "1,2";
				TEST_HOST = "$(BUILT_PRODUCTS_DIR)/abConduct_iOS.app/abConduct_iOS";
			};
			name = Debug;
		};
		4A2D7DE7214EBBCF005FB580 /* Release */ = {
			isa = XCBuildConfiguration;
			buildSettings = {
				BUNDLE_LOADER = "$(TEST_HOST)";
				CODE_SIGN_STYLE = Automatic;
				DEVELOPMENT_TEAM = CGK42Y67HV;
				INFOPLIST_FILE = abConduct_iOSTests/Info.plist;
				LD_RUNPATH_SEARCH_PATHS = "$(inherited) @executable_path/Frameworks @loader_path/Frameworks";
				PRODUCT_BUNDLE_IDENTIFIER = "com.reinissance.abConduct-iOSTests";
				PRODUCT_NAME = "$(TARGET_NAME)";
				TARGETED_DEVICE_FAMILY = "1,2";
				TEST_HOST = "$(BUILT_PRODUCTS_DIR)/abConduct_iOS.app/abConduct_iOS";
			};
			name = Release;
		};
		4A2D7DE9214EBBCF005FB580 /* Debug */ = {
			isa = XCBuildConfiguration;
			buildSettings = {
				CODE_SIGN_STYLE = Automatic;
				DEVELOPMENT_TEAM = CGK42Y67HV;
				INFOPLIST_FILE = abConduct_iOSUITests/Info.plist;
				LD_RUNPATH_SEARCH_PATHS = "$(inherited) @executable_path/Frameworks @loader_path/Frameworks";
				PRODUCT_BUNDLE_IDENTIFIER = "com.reinissance.abConduct-iOSUITests";
				PRODUCT_NAME = "$(TARGET_NAME)";
				TARGETED_DEVICE_FAMILY = "1,2";
				TEST_TARGET_NAME = abConduct_iOS;
			};
			name = Debug;
		};
		4A2D7DEA214EBBCF005FB580 /* Release */ = {
			isa = XCBuildConfiguration;
			buildSettings = {
				CODE_SIGN_STYLE = Automatic;
				DEVELOPMENT_TEAM = CGK42Y67HV;
				INFOPLIST_FILE = abConduct_iOSUITests/Info.plist;
				LD_RUNPATH_SEARCH_PATHS = "$(inherited) @executable_path/Frameworks @loader_path/Frameworks";
				PRODUCT_BUNDLE_IDENTIFIER = "com.reinissance.abConduct-iOSUITests";
				PRODUCT_NAME = "$(TARGET_NAME)";
				TARGETED_DEVICE_FAMILY = "1,2";
				TEST_TARGET_NAME = abConduct_iOS;
			};
			name = Release;
		};
/* End XCBuildConfiguration section */

/* Begin XCConfigurationList section */
		4A2D7DB1214EBBCE005FB580 /* Build configuration list for PBXProject "abConduct_iOS" */ = {
			isa = XCConfigurationList;
			buildConfigurations = (
				4A2D7DE0214EBBCF005FB580 /* Debug */,
				4A2D7DE1214EBBCF005FB580 /* Release */,
			);
			defaultConfigurationIsVisible = 0;
			defaultConfigurationName = Release;
		};
		4A2D7DE2214EBBCF005FB580 /* Build configuration list for PBXNativeTarget "abConduct_iOS" */ = {
			isa = XCConfigurationList;
			buildConfigurations = (
				4A2D7DE3214EBBCF005FB580 /* Debug */,
				4A2D7DE4214EBBCF005FB580 /* Release */,
			);
			defaultConfigurationIsVisible = 0;
			defaultConfigurationName = Release;
		};
		4A2D7DE5214EBBCF005FB580 /* Build configuration list for PBXNativeTarget "abConduct_iOSTests" */ = {
			isa = XCConfigurationList;
			buildConfigurations = (
				4A2D7DE6214EBBCF005FB580 /* Debug */,
				4A2D7DE7214EBBCF005FB580 /* Release */,
			);
			defaultConfigurationIsVisible = 0;
			defaultConfigurationName = Release;
		};
		4A2D7DE8214EBBCF005FB580 /* Build configuration list for PBXNativeTarget "abConduct_iOSUITests" */ = {
			isa = XCConfigurationList;
			buildConfigurations = (
				4A2D7DE9214EBBCF005FB580 /* Debug */,
				4A2D7DEA214EBBCF005FB580 /* Release */,
			);
			defaultConfigurationIsVisible = 0;
			defaultConfigurationName = Release;
		};
/* End XCConfigurationList section */
	};
	rootObject = 4A2D7DAE214EBBCE005FB580 /* Project object */;
}
